
Microsoft Visual Studio Solution File, Format Version 12.00
# Visual Studio Version 17
VisualStudioVersion = 17.2.32630.192
MinimumVisualStudioVersion = 10.0.40219.1
Project("{9A19103F-16F7-4668-BE54-9A1E7A4F7556}") = "R5T.O0027", "R5T.O0027\R5T.O0027.csproj", "{6F2A0C1E-4366-4E5E-8573-BAE34F37202F}"
EndProject
Project("{2150E333-8FDC-42A3-9474-1A3956D46DE8}") = "_Dependencies", "_Dependencies", "{9B5B75DC-FEE7-46CE-A377-A7B6DA9C356C}"
EndProject
Project("{9A19103F-16F7-4668-BE54-9A1E7A4F7556}") = "R5T.F0000", "..\..\R5T.F0000\source\R5T.F0000\R5T.F0000.csproj", "{E403A728-0892-4F64-828E-7AA1B84BE74E}"
EndProject
Project("{9A19103F-16F7-4668-BE54-9A1E7A4F7556}") = "R5T.F0002", "..\..\R5T.F0002\source\R5T.F0002\R5T.F0002.csproj", "{1E31E39D-594C-4E3E-883E-34E35010A494}"
EndProject
Project("{9A19103F-16F7-4668-BE54-9A1E7A4F7556}") = "R5T.F0016.F001", "..\..\R5T.F0016\source\R5T.F0016.F001\R5T.F0016.F001.csproj", "{4F302738-B55C-4446-B72A-89BDE920EF92}"
EndProject
Project("{9A19103F-16F7-4668-BE54-9A1E7A4F7556}") = "R5T.F0016", "..\..\R5T.F0016\source\R5T.F0016\R5T.F0016.csproj", "{2AAD1C25-BF45-40C5-8CAC-55D743765819}"
EndProject
Project("{9A19103F-16F7-4668-BE54-9A1E7A4F7556}") = "R5T.F0019", "..\..\R5T.F0019\source\R5T.F0019\R5T.F0019.csproj", "{1F622410-98A8-488E-9356-E43EFEAAE63D}"
EndProject
Project("{9A19103F-16F7-4668-BE54-9A1E7A4F7556}") = "R5T.F0020", "..\..\R5T.F0020\source\R5T.F0020\R5T.F0020.csproj", "{680FAF14-9E5C-437E-90BE-A2B1DEE1AAE9}"
EndProject
Project("{9A19103F-16F7-4668-BE54-9A1E7A4F7556}") = "R5T.F0032", "..\..\R5T.F0032\source\R5T.F0032\R5T.F0032.csproj", "{0B68AACF-2AFA-4E2D-B13F-3DEBB17944FC}"
EndProject
Project("{9A19103F-16F7-4668-BE54-9A1E7A4F7556}") = "R5T.F0040.F000", "..\..\R5T.F0040\source\R5T.F0040.F000\R5T.F0040.F000.csproj", "{E05FC3D8-90B6-4045-B448-1D059DAC38A3}"
EndProject
Project("{9A19103F-16F7-4668-BE54-9A1E7A4F7556}") = "R5T.F0041", "..\..\R5T.F0041\source\R5T.F0041\R5T.F0041.csproj", "{FC435FC0-806F-434F-B35B-B38DA4A641DB}"
EndProject
Project("{9A19103F-16F7-4668-BE54-9A1E7A4F7556}") = "R5T.F0044", "..\..\R5T.F0044\source\R5T.F0044\R5T.F0044.csproj", "{A3EFAD35-2BCC-4D2E-B743-FDE336E22A6E}"
EndProject
Project("{9A19103F-16F7-4668-BE54-9A1E7A4F7556}") = "R5T.F0046", "..\..\R5T.F0046\source\R5T.F0046\R5T.F0046.csproj", "{D94724F7-5326-474D-8D5B-1931962667E6}"
EndProject
Project("{9A19103F-16F7-4668-BE54-9A1E7A4F7556}") = "R5T.F0047", "..\..\R5T.F0047\source\R5T.F0047\R5T.F0047.csproj", "{088C66C5-F7EC-4A46-928E-71E952970FA6}"
EndProject
Project("{9A19103F-16F7-4668-BE54-9A1E7A4F7556}") = "R5T.F0057", "..\..\R5T.F0057\source\R5T.F0057\R5T.F0057.csproj", "{AF66942A-0C66-4B8B-A4FE-1EA64725BC79}"
EndProject
Project("{9A19103F-16F7-4668-BE54-9A1E7A4F7556}") = "R5T.F0120", "..\..\R5T.F0120\source\R5T.F0120\R5T.F0120.csproj", "{82985D76-47F2-4F4B-BCCC-C7689B05F93D}"
EndProject
Project("{9A19103F-16F7-4668-BE54-9A1E7A4F7556}") = "R5T.F0124", "..\..\R5T.F0124\source\R5T.F0124\R5T.F0124.csproj", "{4770DFB6-6A73-4951-93CB-FB2F0E48C800}"
EndProject
Project("{9A19103F-16F7-4668-BE54-9A1E7A4F7556}") = "R5T.F0125", "..\..\R5T.F0125\source\R5T.F0125\R5T.F0125.csproj", "{F9EBF9A7-56C5-473A-AB62-8512B9EA3BFD}"
EndProject
Project("{9A19103F-16F7-4668-BE54-9A1E7A4F7556}") = "R5T.F0129", "..\..\R5T.F0129\source\R5T.F0129\R5T.F0129.csproj", "{413A2A69-A044-425A-81ED-4DF9F4BB3D29}"
EndProject
Project("{9A19103F-16F7-4668-BE54-9A1E7A4F7556}") = "R5T.F0130", "..\..\R5T.F0130\source\R5T.F0130\R5T.F0130.csproj", "{47C009EC-35E7-426E-B036-DA8DC7FC840D}"
EndProject
Project("{9A19103F-16F7-4668-BE54-9A1E7A4F7556}") = "R5T.L0001.Y000", "..\..\R5T.L0001\source\R5T.L0001.Y000\R5T.L0001.Y000.csproj", "{1D12AB0A-83A1-4668-B5CD-BA212C9A2495}"
EndProject
Project("{9A19103F-16F7-4668-BE54-9A1E7A4F7556}") = "R5T.L0001.Z000", "..\..\R5T.L0001\source\R5T.L0001.Z000\R5T.L0001.Z000.csproj", "{99A152D2-225F-4FCC-9A59-22E9ECFB31F3}"
EndProject
Project("{9A19103F-16F7-4668-BE54-9A1E7A4F7556}") = "R5T.L0001", "..\..\R5T.L0001\source\R5T.L0001\R5T.L0001.csproj", "{75444F95-3973-47BF-BC99-9D8C7C6950AD}"
EndProject
Project("{9A19103F-16F7-4668-BE54-9A1E7A4F7556}") = "R5T.L0030.T000", "..\..\R5T.L0030\source\R5T.L0030.T000\R5T.L0030.T000.csproj", "{E0FD371D-FF93-4F39-BA8A-6AC60A670F8A}"
EndProject
Project("{9A19103F-16F7-4668-BE54-9A1E7A4F7556}") = "R5T.L0030", "..\..\R5T.L0030\source\R5T.L0030\R5T.L0030.csproj", "{61C91353-1E05-484C-8DB4-3F35EE7652DF}"
EndProject
Project("{9A19103F-16F7-4668-BE54-9A1E7A4F7556}") = "R5T.L0031.T000", "..\..\R5T.L0031\source\R5T.L0031.T000\R5T.L0031.T000.csproj", "{D1977060-3D1B-4287-9391-3103EFB207F8}"
EndProject
Project("{9A19103F-16F7-4668-BE54-9A1E7A4F7556}") = "R5T.L0031", "..\..\R5T.L0031\source\R5T.L0031\R5T.L0031.csproj", "{D3233AB6-A3F1-4553-AFCD-C962E540C994}"
EndProject
Project("{9A19103F-16F7-4668-BE54-9A1E7A4F7556}") = "R5T.L0032.F000", "..\..\R5T.L0032\source\R5T.L0032.F000\R5T.L0032.F000.csproj", "{CF49DD71-895F-4B4C-97A1-F03F62EFC4B9}"
EndProject
Project("{9A19103F-16F7-4668-BE54-9A1E7A4F7556}") = "R5T.L0032.T000", "..\..\R5T.L0032\source\R5T.L0032.T000\R5T.L0032.T000.csproj", "{5EB763D7-FC36-459B-A0D4-4132A9343CCB}"
EndProject
Project("{9A19103F-16F7-4668-BE54-9A1E7A4F7556}") = "R5T.L0032.Z000", "..\..\R5T.L0032\source\R5T.L0032.Z000\R5T.L0032.Z000.csproj", "{744006DE-8674-4EFA-80F3-498D3752699F}"
EndProject
Project("{9A19103F-16F7-4668-BE54-9A1E7A4F7556}") = "R5T.L0032", "..\..\R5T.L0032\source\R5T.L0032\R5T.L0032.csproj", "{AD72793A-62AC-4D25-A5AE-FE69E98F5272}"
EndProject
Project("{9A19103F-16F7-4668-BE54-9A1E7A4F7556}") = "R5T.L0033.Z001", "..\..\R5T.L0033\source\R5T.L0033.Z001\R5T.L0033.Z001.csproj", "{8F140EF0-32DA-4D36-BDBD-2D4A040D165A}"
EndProject
Project("{9A19103F-16F7-4668-BE54-9A1E7A4F7556}") = "R5T.L0034", "..\..\R5T.L0034\source\R5T.L0034\R5T.L0034.csproj", "{4815C98D-E1CD-43E5-9CB0-1366376D342E}"
EndProject
Project("{9A19103F-16F7-4668-BE54-9A1E7A4F7556}") = "R5T.L0035", "..\..\R5T.L0035\source\R5T.L0035\R5T.L0035.csproj", "{299ACADC-0334-47C7-A669-BA5CD79E2A60}"
EndProject
Project("{9A19103F-16F7-4668-BE54-9A1E7A4F7556}") = "R5T.L0036.T000", "..\..\R5T.L0036\source\R5T.L0036.T000\R5T.L0036.T000.csproj", "{68BF8787-3A08-4BBB-850D-6F3EF6EE822A}"
EndProject
Project("{9A19103F-16F7-4668-BE54-9A1E7A4F7556}") = "R5T.L0036", "..\..\R5T.L0036\source\R5T.L0036\R5T.L0036.csproj", "{9AE1BB7C-956C-42DE-AE3D-0DE6E49DC676}"
EndProject
Project("{9A19103F-16F7-4668-BE54-9A1E7A4F7556}") = "R5T.NG0005", "..\..\R5T.NG0005\source\R5T.NG0005\R5T.NG0005.csproj", "{F2512C17-276C-447E-8B7B-75BCC012E4AD}"
EndProject
Project("{9A19103F-16F7-4668-BE54-9A1E7A4F7556}") = "R5T.NG0006", "..\..\R5T.NG0006\source\R5T.NG0006\R5T.NG0006.csproj", "{654E4E39-B092-48BB-A337-092C8A1CBB49}"
EndProject
Project("{9A19103F-16F7-4668-BE54-9A1E7A4F7556}") = "R5T.NG0008", "..\..\R5T.NG0008\source\R5T.NG0008\R5T.NG0008.csproj", "{93CD5968-EB24-4075-9DAD-508710F0E49E}"
EndProject
Project("{9A19103F-16F7-4668-BE54-9A1E7A4F7556}") = "R5T.NG0022", "..\..\R5T.NG0022\source\R5T.NG0022\R5T.NG0022.csproj", "{814AFE5F-597E-4B43-B295-F82A70A3600D}"
EndProject
Project("{9A19103F-16F7-4668-BE54-9A1E7A4F7556}") = "R5T.O0006", "..\..\R5T.O0006\source\R5T.O0006\R5T.O0006.csproj", "{F95EC815-BF13-4FFD-9FEB-D83001C28E88}"
EndProject
Project("{9A19103F-16F7-4668-BE54-9A1E7A4F7556}") = "R5T.O0017", "..\..\R5T.O0017\source\R5T.O0017\R5T.O0017.csproj", "{B188FCF0-1371-42F4-80A4-E1312E03DA3D}"
EndProject
Project("{9A19103F-16F7-4668-BE54-9A1E7A4F7556}") = "R5T.O0023", "..\..\R5T.O0023\source\R5T.O0023\R5T.O0023.csproj", "{A454230A-E221-4B60-82BE-E65FB2CE81B8}"
EndProject
Project("{9A19103F-16F7-4668-BE54-9A1E7A4F7556}") = "R5T.O0025.O000", "..\..\R5T.O0025\source\R5T.O0025.O000\R5T.O0025.O000.csproj", "{17EED223-1243-46D4-A148-A0CBF1C81089}"
EndProject
Project("{9A19103F-16F7-4668-BE54-9A1E7A4F7556}") = "R5T.O0025.O001", "..\..\R5T.O0025\source\R5T.O0025.O001\R5T.O0025.O001.csproj", "{1B979D9D-B4E1-4986-896E-94B1FDD35459}"
EndProject
Project("{9A19103F-16F7-4668-BE54-9A1E7A4F7556}") = "R5T.O0025.O002", "..\..\R5T.O0025\source\R5T.O0025.O002\R5T.O0025.O002.csproj", "{C11E6619-ED78-424D-A1E0-C71273E55258}"
EndProject
Project("{9A19103F-16F7-4668-BE54-9A1E7A4F7556}") = "R5T.O0025.O003", "..\..\R5T.O0025\source\R5T.O0025.O003\R5T.O0025.O003.csproj", "{1E0A1082-7C87-4E8C-B38D-B13266F8ADA1}"
EndProject
Project("{9A19103F-16F7-4668-BE54-9A1E7A4F7556}") = "R5T.O0025", "..\..\R5T.O0025\source\R5T.O0025\R5T.O0025.csproj", "{BE0844AA-E4D0-4E59-AE68-A836D783D187}"
EndProject
Project("{9A19103F-16F7-4668-BE54-9A1E7A4F7556}") = "R5T.O0026.O001", "..\..\R5T.O0026\source\R5T.O0026.O001\R5T.O0026.O001.csproj", "{A8BA0215-1BB8-4D1F-B3B5-808A5E33FFA7}"
EndProject
Project("{9A19103F-16F7-4668-BE54-9A1E7A4F7556}") = "R5T.O0026.O002", "..\..\R5T.O0026\source\R5T.O0026.O002\R5T.O0026.O002.csproj", "{0A987E73-5076-4128-930E-0B187D921937}"
EndProject
Project("{9A19103F-16F7-4668-BE54-9A1E7A4F7556}") = "R5T.O0026", "..\..\R5T.O0026\source\R5T.O0026\R5T.O0026.csproj", "{62B2CED8-F0E7-4748-96CB-1163A525D2E2}"
EndProject
Project("{9A19103F-16F7-4668-BE54-9A1E7A4F7556}") = "R5T.T0046", "..\..\R5T.T0046\source\R5T.T0046\R5T.T0046.csproj", "{FE9D76AA-C80F-47B3-A057-F22407004F83}"
EndProject
Project("{9A19103F-16F7-4668-BE54-9A1E7A4F7556}") = "R5T.T0131", "..\..\R5T.T0131\source\R5T.T0131\R5T.T0131.csproj", "{008413DE-8FA6-4190-8C21-C87E45436A71}"
EndProject
Project("{9A19103F-16F7-4668-BE54-9A1E7A4F7556}") = "R5T.T0132", "..\..\R5T.T0132\source\R5T.T0132\R5T.T0132.csproj", "{F149D8C1-0D03-4634-B784-7F561407314E}"
EndProject
Project("{9A19103F-16F7-4668-BE54-9A1E7A4F7556}") = "R5T.T0137", "..\..\R5T.T0137\source\R5T.T0137\R5T.T0137.csproj", "{6560E440-C77C-4B79-9CC9-D243A7AE8FF7}"
EndProject
Project("{9A19103F-16F7-4668-BE54-9A1E7A4F7556}") = "R5T.T0142", "..\..\R5T.T0142\source\R5T.T0142\R5T.T0142.csproj", "{ADDC9235-4C89-4348-91ED-523494B9DA76}"
EndProject
Project("{9A19103F-16F7-4668-BE54-9A1E7A4F7556}") = "R5T.T0143", "..\..\R5T.T0143\source\R5T.T0143\R5T.T0143.csproj", "{39CA3406-AFED-4E5C-AAA4-38D80FDDDF4E}"
EndProject
Project("{9A19103F-16F7-4668-BE54-9A1E7A4F7556}") = "R5T.T0144", "..\..\R5T.T0144\source\R5T.T0144\R5T.T0144.csproj", "{2BD3A735-CC09-4EAE-9212-539806F9B6B2}"
EndProject
Project("{9A19103F-16F7-4668-BE54-9A1E7A4F7556}") = "R5T.T0150", "..\..\R5T.T0150\source\R5T.T0150\R5T.T0150.csproj", "{3290E737-8AA0-45BA-B33B-61AFC560DE91}"
EndProject
Project("{9A19103F-16F7-4668-BE54-9A1E7A4F7556}") = "R5T.T0151", "..\..\R5T.T0151\source\R5T.T0151\R5T.T0151.csproj", "{91ACF667-8C53-483F-8001-DDDD6168C815}"
EndProject
Project("{9A19103F-16F7-4668-BE54-9A1E7A4F7556}") = "R5T.T0152", "..\..\R5T.T0152\source\R5T.T0152\R5T.T0152.csproj", "{7B636473-6746-4D4C-8F8A-36D446CB3816}"
EndProject
Project("{9A19103F-16F7-4668-BE54-9A1E7A4F7556}") = "R5T.T0156", "..\..\R5T.T0156\source\R5T.T0156\R5T.T0156.csproj", "{780E0E97-5645-4E8C-A669-94D26CE3D1A0}"
EndProject
Project("{9A19103F-16F7-4668-BE54-9A1E7A4F7556}") = "R5T.T0158", "..\..\R5T.T0158\source\R5T.T0158\R5T.T0158.csproj", "{287871BB-2676-41C8-B392-3015B5967AD0}"
EndProject
Project("{9A19103F-16F7-4668-BE54-9A1E7A4F7556}") = "R5T.T0159", "..\..\R5T.T0159\source\R5T.T0159\R5T.T0159.csproj", "{2B604C7D-104B-4BCB-8C13-E11E05A85C32}"
EndProject
Project("{9A19103F-16F7-4668-BE54-9A1E7A4F7556}") = "R5T.T0162", "..\..\R5T.T0162\source\R5T.T0162\R5T.T0162.csproj", "{FA0E3650-2287-4C68-BC30-6D916324F1F5}"
EndProject
Project("{9A19103F-16F7-4668-BE54-9A1E7A4F7556}") = "R5T.T0172", "..\..\R5T.T0172\source\R5T.T0172\R5T.T0172.csproj", "{FB161B68-A089-483F-8ACF-8F0626B439DC}"
EndProject
Project("{9A19103F-16F7-4668-BE54-9A1E7A4F7556}") = "R5T.T0174", "..\..\R5T.T0174\source\R5T.T0174\R5T.T0174.csproj", "{AED2EAD6-4780-42F1-9AC7-BE506A4153DE}"
EndProject
Project("{9A19103F-16F7-4668-BE54-9A1E7A4F7556}") = "R5T.T0176", "..\..\R5T.T0176\source\R5T.T0176\R5T.T0176.csproj", "{686FDD77-E6B9-4940-86B5-B270DFF0B30C}"
EndProject
Project("{9A19103F-16F7-4668-BE54-9A1E7A4F7556}") = "R5T.T0177", "..\..\R5T.T0177\source\R5T.T0177\R5T.T0177.csproj", "{98DEB08C-6F4E-49F4-8124-CD3FC3BC562D}"
EndProject
Project("{9A19103F-16F7-4668-BE54-9A1E7A4F7556}") = "R5T.T0178", "..\..\R5T.T0178\source\R5T.T0178\R5T.T0178.csproj", "{3388A5F8-9247-4503-A051-93532F02FCFB}"
EndProject
Project("{9A19103F-16F7-4668-BE54-9A1E7A4F7556}") = "R5T.T0179", "..\..\R5T.T0179\source\R5T.T0179\R5T.T0179.csproj", "{8F59BF74-D5A2-4E81-A3E3-CF18FE4617E9}"
EndProject
Project("{9A19103F-16F7-4668-BE54-9A1E7A4F7556}") = "R5T.T0180", "..\..\R5T.T0180\source\R5T.T0180\R5T.T0180.csproj", "{63A399E0-9EA5-42CC-961A-6BDFFDF71B6E}"
EndProject
Project("{9A19103F-16F7-4668-BE54-9A1E7A4F7556}") = "R5T.T0181", "..\..\R5T.T0181\source\R5T.T0181\R5T.T0181.csproj", "{E30A7E7E-7ACB-43CC-B9D3-1E4DA122FA39}"
EndProject
Project("{9A19103F-16F7-4668-BE54-9A1E7A4F7556}") = "R5T.T0184", "..\..\R5T.T0184\source\R5T.T0184\R5T.T0184.csproj", "{3B138855-AC48-47D0-BB01-573D65380BC1}"
EndProject
Project("{9A19103F-16F7-4668-BE54-9A1E7A4F7556}") = "R5T.T0185", "..\..\R5T.T0185\source\R5T.T0185\R5T.T0185.csproj", "{0500E236-50FD-44E1-AD8C-B111DB85C5A2}"
EndProject
Project("{9A19103F-16F7-4668-BE54-9A1E7A4F7556}") = "R5T.T0186", "..\..\R5T.T0186\source\R5T.T0186\R5T.T0186.csproj", "{490DCA16-E9E0-40FC-B520-64919FFD0F1F}"
EndProject
Project("{9A19103F-16F7-4668-BE54-9A1E7A4F7556}") = "R5T.T0187", "..\..\R5T.T0187\source\R5T.T0187\R5T.T0187.csproj", "{A5D9F224-5604-47B2-BFC1-E54B64D570BD}"
EndProject
Project("{9A19103F-16F7-4668-BE54-9A1E7A4F7556}") = "R5T.T0198", "..\..\R5T.T0198\source\R5T.T0198\R5T.T0198.csproj", "{DD4131F4-246F-44D3-A18F-D4BB00A7F620}"
EndProject
Project("{9A19103F-16F7-4668-BE54-9A1E7A4F7556}") = "R5T.T0200", "..\..\R5T.T0200\source\R5T.T0200\R5T.T0200.csproj", "{CD70A024-5B31-442B-84FD-C61558363AE4}"
EndProject
Project("{9A19103F-16F7-4668-BE54-9A1E7A4F7556}") = "R5T.T0202", "..\..\R5T.T0202\source\R5T.T0202\R5T.T0202.csproj", "{08840840-DF2D-4FAB-BCED-8B7C81097585}"
EndProject
Project("{9A19103F-16F7-4668-BE54-9A1E7A4F7556}") = "R5T.T0203", "..\..\R5T.T0203\source\R5T.T0203\R5T.T0203.csproj", "{037266A1-C281-420D-93AA-4C30542762E0}"
EndProject
Project("{9A19103F-16F7-4668-BE54-9A1E7A4F7556}") = "R5T.T0205", "..\..\R5T.T0205\source\R5T.T0205\R5T.T0205.csproj", "{63DC9F30-C87E-4320-871A-BB65A1F8A78F}"
EndProject
Project("{9A19103F-16F7-4668-BE54-9A1E7A4F7556}") = "R5T.T0206", "..\..\R5T.T0206\source\R5T.T0206\R5T.T0206.csproj", "{D1E88766-6A17-45B0-8A3C-B0E08D48FABA}"
EndProject
Project("{9A19103F-16F7-4668-BE54-9A1E7A4F7556}") = "R5T.T0208", "..\..\R5T.T0208\source\R5T.T0208\R5T.T0208.csproj", "{45D0DF87-03E1-4148-93E1-2D0E75B63501}"
EndProject
Project("{9A19103F-16F7-4668-BE54-9A1E7A4F7556}") = "R5T.T0209", "..\..\R5T.T0209\source\R5T.T0209\R5T.T0209.csproj", "{789DE875-21AB-46BF-90CD-6C613B1EDA5B}"
EndProject
Project("{9A19103F-16F7-4668-BE54-9A1E7A4F7556}") = "R5T.T0210", "..\..\R5T.T0210\source\R5T.T0210\R5T.T0210.csproj", "{ED68F4EE-7B3B-4929-9FCF-8F7AC9455812}"
EndProject
Project("{9A19103F-16F7-4668-BE54-9A1E7A4F7556}") = "R5T.T0211", "..\..\R5T.T0211\source\R5T.T0211\R5T.T0211.csproj", "{5E16752C-9F5A-4D64-B80E-8D47410D2F89}"
EndProject
Project("{9A19103F-16F7-4668-BE54-9A1E7A4F7556}") = "R5T.T0212.F000", "..\..\R5T.T0212\source\R5T.T0212.F000\R5T.T0212.F000.csproj", "{35CACF51-13B6-4EAD-8C59-B5C68B0D7E49}"
EndProject
Project("{9A19103F-16F7-4668-BE54-9A1E7A4F7556}") = "R5T.T0212.Z000", "..\..\R5T.T0212\source\R5T.T0212.Z000\R5T.T0212.Z000.csproj", "{E6DDE703-26D4-4E40-8206-AAC590B45681}"
EndProject
Project("{9A19103F-16F7-4668-BE54-9A1E7A4F7556}") = "R5T.T0212", "..\..\R5T.T0212\source\R5T.T0212\R5T.T0212.csproj", "{FD3F2716-C664-40E2-B5CF-F4C0CB5D4AF2}"
EndProject
Project("{9A19103F-16F7-4668-BE54-9A1E7A4F7556}") = "R5T.T0213", "..\..\R5T.T0213\source\R5T.T0213\R5T.T0213.csproj", "{FD2A6EE6-BE52-47CC-89B5-03B78E8E4BE0}"
EndProject
Project("{9A19103F-16F7-4668-BE54-9A1E7A4F7556}") = "R5T.Y0000", "..\..\R5T.Y0000\source\R5T.Y0000\R5T.Y0000.csproj", "{96A389EC-8F40-439C-92E3-0165C1F88FAE}"
EndProject
Project("{9A19103F-16F7-4668-BE54-9A1E7A4F7556}") = "R5T.Y0004", "..\..\R5T.Y0004\source\R5T.Y0004\R5T.Y0004.csproj", "{1D089603-24D5-4EC7-B15B-6266CD47FE2A}"
EndProject
Project("{9A19103F-16F7-4668-BE54-9A1E7A4F7556}") = "R5T.Z0000", "..\..\R5T.Z0000\source\R5T.Z0000\R5T.Z0000.csproj", "{09ED6488-80F1-4F6E-BC2C-ECA10F93268B}"
EndProject
Project("{9A19103F-16F7-4668-BE54-9A1E7A4F7556}") = "R5T.Z0005", "..\..\R5T.Z0005\source\R5T.Z0005\R5T.Z0005.csproj", "{2AD4235A-115D-4AEE-AADA-2C8C9FA5C310}"
EndProject
Project("{9A19103F-16F7-4668-BE54-9A1E7A4F7556}") = "R5T.Z0013", "..\..\R5T.Z0013\source\R5T.Z0013\R5T.Z0013.csproj", "{B794BA88-CC56-48F7-8D53-9E30C648131C}"
EndProject
Project("{9A19103F-16F7-4668-BE54-9A1E7A4F7556}") = "R5T.Z0044.Z001", "..\..\R5T.Z0044\source\R5T.Z0044.Z001\R5T.Z0044.Z001.csproj", "{4901CB00-22DB-4404-9CF4-8728491490E5}"
EndProject
Project("{9A19103F-16F7-4668-BE54-9A1E7A4F7556}") = "R5T.Z0048", "..\..\R5T.Z0048\source\R5T.Z0048\R5T.Z0048.csproj", "{B14CEBF3-F021-4DAB-8D0A-4FB78BC872AC}"
EndProject
Project("{9A19103F-16F7-4668-BE54-9A1E7A4F7556}") = "R5T.F0040", "..\..\R5T.F0040\source\R5T.F0040\R5T.F0040.csproj", "{D0402F50-9EF2-4C39-88B4-6FC13BCE60B2}"
EndProject
Project("{9A19103F-16F7-4668-BE54-9A1E7A4F7556}") = "R5T.O0026.O003", "..\..\R5T.O0026\source\R5T.O0026.O003\R5T.O0026.O003.csproj", "{2E293118-882D-4014-8DC3-012694359F99}"
EndProject
Project("{9A19103F-16F7-4668-BE54-9A1E7A4F7556}") = "R5T.Z0012", "..\..\R5T.Z0012\source\R5T.Z0012\R5T.Z0012.csproj", "{5F647793-C67C-41E3-92C7-8932592586FC}"
EndProject
Project("{9A19103F-16F7-4668-BE54-9A1E7A4F7556}") = "R5T.T0211.F000", "..\..\R5T.T0211\source\R5T.T0211.F000\R5T.T0211.F000.csproj", "{C33BAE75-3A87-4C12-AC11-2ACE861BB085}"
EndProject
Project("{9A19103F-16F7-4668-BE54-9A1E7A4F7556}") = "R5T.T0211.Z000", "..\..\R5T.T0211\source\R5T.T0211.Z000\R5T.T0211.Z000.csproj", "{99539F62-CB93-46F9-8133-5FBFA1433116}"
EndProject
Global
	GlobalSection(NestedProjects) = preSolution
		{E403A728-0892-4F64-828E-7AA1B84BE74E} = {9B5B75DC-FEE7-46CE-A377-A7B6DA9C356C}
		{1E31E39D-594C-4E3E-883E-34E35010A494} = {9B5B75DC-FEE7-46CE-A377-A7B6DA9C356C}
		{4F302738-B55C-4446-B72A-89BDE920EF92} = {9B5B75DC-FEE7-46CE-A377-A7B6DA9C356C}
		{2AAD1C25-BF45-40C5-8CAC-55D743765819} = {9B5B75DC-FEE7-46CE-A377-A7B6DA9C356C}
		{1F622410-98A8-488E-9356-E43EFEAAE63D} = {9B5B75DC-FEE7-46CE-A377-A7B6DA9C356C}
		{680FAF14-9E5C-437E-90BE-A2B1DEE1AAE9} = {9B5B75DC-FEE7-46CE-A377-A7B6DA9C356C}
		{0B68AACF-2AFA-4E2D-B13F-3DEBB17944FC} = {9B5B75DC-FEE7-46CE-A377-A7B6DA9C356C}
		{E05FC3D8-90B6-4045-B448-1D059DAC38A3} = {9B5B75DC-FEE7-46CE-A377-A7B6DA9C356C}
		{FC435FC0-806F-434F-B35B-B38DA4A641DB} = {9B5B75DC-FEE7-46CE-A377-A7B6DA9C356C}
		{A3EFAD35-2BCC-4D2E-B743-FDE336E22A6E} = {9B5B75DC-FEE7-46CE-A377-A7B6DA9C356C}
		{D94724F7-5326-474D-8D5B-1931962667E6} = {9B5B75DC-FEE7-46CE-A377-A7B6DA9C356C}
		{088C66C5-F7EC-4A46-928E-71E952970FA6} = {9B5B75DC-FEE7-46CE-A377-A7B6DA9C356C}
		{AF66942A-0C66-4B8B-A4FE-1EA64725BC79} = {9B5B75DC-FEE7-46CE-A377-A7B6DA9C356C}
		{82985D76-47F2-4F4B-BCCC-C7689B05F93D} = {9B5B75DC-FEE7-46CE-A377-A7B6DA9C356C}
		{4770DFB6-6A73-4951-93CB-FB2F0E48C800} = {9B5B75DC-FEE7-46CE-A377-A7B6DA9C356C}
		{F9EBF9A7-56C5-473A-AB62-8512B9EA3BFD} = {9B5B75DC-FEE7-46CE-A377-A7B6DA9C356C}
		{413A2A69-A044-425A-81ED-4DF9F4BB3D29} = {9B5B75DC-FEE7-46CE-A377-A7B6DA9C356C}
		{47C009EC-35E7-426E-B036-DA8DC7FC840D} = {9B5B75DC-FEE7-46CE-A377-A7B6DA9C356C}
		{1D12AB0A-83A1-4668-B5CD-BA212C9A2495} = {9B5B75DC-FEE7-46CE-A377-A7B6DA9C356C}
		{99A152D2-225F-4FCC-9A59-22E9ECFB31F3} = {9B5B75DC-FEE7-46CE-A377-A7B6DA9C356C}
		{75444F95-3973-47BF-BC99-9D8C7C6950AD} = {9B5B75DC-FEE7-46CE-A377-A7B6DA9C356C}
		{E0FD371D-FF93-4F39-BA8A-6AC60A670F8A} = {9B5B75DC-FEE7-46CE-A377-A7B6DA9C356C}
		{61C91353-1E05-484C-8DB4-3F35EE7652DF} = {9B5B75DC-FEE7-46CE-A377-A7B6DA9C356C}
		{D1977060-3D1B-4287-9391-3103EFB207F8} = {9B5B75DC-FEE7-46CE-A377-A7B6DA9C356C}
		{D3233AB6-A3F1-4553-AFCD-C962E540C994} = {9B5B75DC-FEE7-46CE-A377-A7B6DA9C356C}
		{CF49DD71-895F-4B4C-97A1-F03F62EFC4B9} = {9B5B75DC-FEE7-46CE-A377-A7B6DA9C356C}
		{5EB763D7-FC36-459B-A0D4-4132A9343CCB} = {9B5B75DC-FEE7-46CE-A377-A7B6DA9C356C}
		{744006DE-8674-4EFA-80F3-498D3752699F} = {9B5B75DC-FEE7-46CE-A377-A7B6DA9C356C}
		{AD72793A-62AC-4D25-A5AE-FE69E98F5272} = {9B5B75DC-FEE7-46CE-A377-A7B6DA9C356C}
		{8F140EF0-32DA-4D36-BDBD-2D4A040D165A} = {9B5B75DC-FEE7-46CE-A377-A7B6DA9C356C}
		{4815C98D-E1CD-43E5-9CB0-1366376D342E} = {9B5B75DC-FEE7-46CE-A377-A7B6DA9C356C}
		{299ACADC-0334-47C7-A669-BA5CD79E2A60} = {9B5B75DC-FEE7-46CE-A377-A7B6DA9C356C}
		{68BF8787-3A08-4BBB-850D-6F3EF6EE822A} = {9B5B75DC-FEE7-46CE-A377-A7B6DA9C356C}
		{9AE1BB7C-956C-42DE-AE3D-0DE6E49DC676} = {9B5B75DC-FEE7-46CE-A377-A7B6DA9C356C}
		{F2512C17-276C-447E-8B7B-75BCC012E4AD} = {9B5B75DC-FEE7-46CE-A377-A7B6DA9C356C}
		{654E4E39-B092-48BB-A337-092C8A1CBB49} = {9B5B75DC-FEE7-46CE-A377-A7B6DA9C356C}
		{93CD5968-EB24-4075-9DAD-508710F0E49E} = {9B5B75DC-FEE7-46CE-A377-A7B6DA9C356C}
		{814AFE5F-597E-4B43-B295-F82A70A3600D} = {9B5B75DC-FEE7-46CE-A377-A7B6DA9C356C}
		{F95EC815-BF13-4FFD-9FEB-D83001C28E88} = {9B5B75DC-FEE7-46CE-A377-A7B6DA9C356C}
		{B188FCF0-1371-42F4-80A4-E1312E03DA3D} = {9B5B75DC-FEE7-46CE-A377-A7B6DA9C356C}
		{A454230A-E221-4B60-82BE-E65FB2CE81B8} = {9B5B75DC-FEE7-46CE-A377-A7B6DA9C356C}
		{17EED223-1243-46D4-A148-A0CBF1C81089} = {9B5B75DC-FEE7-46CE-A377-A7B6DA9C356C}
		{1B979D9D-B4E1-4986-896E-94B1FDD35459} = {9B5B75DC-FEE7-46CE-A377-A7B6DA9C356C}
		{C11E6619-ED78-424D-A1E0-C71273E55258} = {9B5B75DC-FEE7-46CE-A377-A7B6DA9C356C}
		{1E0A1082-7C87-4E8C-B38D-B13266F8ADA1} = {9B5B75DC-FEE7-46CE-A377-A7B6DA9C356C}
		{BE0844AA-E4D0-4E59-AE68-A836D783D187} = {9B5B75DC-FEE7-46CE-A377-A7B6DA9C356C}
		{A8BA0215-1BB8-4D1F-B3B5-808A5E33FFA7} = {9B5B75DC-FEE7-46CE-A377-A7B6DA9C356C}
		{0A987E73-5076-4128-930E-0B187D921937} = {9B5B75DC-FEE7-46CE-A377-A7B6DA9C356C}
		{62B2CED8-F0E7-4748-96CB-1163A525D2E2} = {9B5B75DC-FEE7-46CE-A377-A7B6DA9C356C}
		{FE9D76AA-C80F-47B3-A057-F22407004F83} = {9B5B75DC-FEE7-46CE-A377-A7B6DA9C356C}
		{008413DE-8FA6-4190-8C21-C87E45436A71} = {9B5B75DC-FEE7-46CE-A377-A7B6DA9C356C}
		{F149D8C1-0D03-4634-B784-7F561407314E} = {9B5B75DC-FEE7-46CE-A377-A7B6DA9C356C}
		{6560E440-C77C-4B79-9CC9-D243A7AE8FF7} = {9B5B75DC-FEE7-46CE-A377-A7B6DA9C356C}
		{ADDC9235-4C89-4348-91ED-523494B9DA76} = {9B5B75DC-FEE7-46CE-A377-A7B6DA9C356C}
		{39CA3406-AFED-4E5C-AAA4-38D80FDDDF4E} = {9B5B75DC-FEE7-46CE-A377-A7B6DA9C356C}
		{2BD3A735-CC09-4EAE-9212-539806F9B6B2} = {9B5B75DC-FEE7-46CE-A377-A7B6DA9C356C}
		{3290E737-8AA0-45BA-B33B-61AFC560DE91} = {9B5B75DC-FEE7-46CE-A377-A7B6DA9C356C}
		{91ACF667-8C53-483F-8001-DDDD6168C815} = {9B5B75DC-FEE7-46CE-A377-A7B6DA9C356C}
		{7B636473-6746-4D4C-8F8A-36D446CB3816} = {9B5B75DC-FEE7-46CE-A377-A7B6DA9C356C}
		{780E0E97-5645-4E8C-A669-94D26CE3D1A0} = {9B5B75DC-FEE7-46CE-A377-A7B6DA9C356C}
		{287871BB-2676-41C8-B392-3015B5967AD0} = {9B5B75DC-FEE7-46CE-A377-A7B6DA9C356C}
		{2B604C7D-104B-4BCB-8C13-E11E05A85C32} = {9B5B75DC-FEE7-46CE-A377-A7B6DA9C356C}
		{FA0E3650-2287-4C68-BC30-6D916324F1F5} = {9B5B75DC-FEE7-46CE-A377-A7B6DA9C356C}
		{FB161B68-A089-483F-8ACF-8F0626B439DC} = {9B5B75DC-FEE7-46CE-A377-A7B6DA9C356C}
		{AED2EAD6-4780-42F1-9AC7-BE506A4153DE} = {9B5B75DC-FEE7-46CE-A377-A7B6DA9C356C}
		{686FDD77-E6B9-4940-86B5-B270DFF0B30C} = {9B5B75DC-FEE7-46CE-A377-A7B6DA9C356C}
		{98DEB08C-6F4E-49F4-8124-CD3FC3BC562D} = {9B5B75DC-FEE7-46CE-A377-A7B6DA9C356C}
		{3388A5F8-9247-4503-A051-93532F02FCFB} = {9B5B75DC-FEE7-46CE-A377-A7B6DA9C356C}
		{8F59BF74-D5A2-4E81-A3E3-CF18FE4617E9} = {9B5B75DC-FEE7-46CE-A377-A7B6DA9C356C}
		{63A399E0-9EA5-42CC-961A-6BDFFDF71B6E} = {9B5B75DC-FEE7-46CE-A377-A7B6DA9C356C}
		{E30A7E7E-7ACB-43CC-B9D3-1E4DA122FA39} = {9B5B75DC-FEE7-46CE-A377-A7B6DA9C356C}
		{3B138855-AC48-47D0-BB01-573D65380BC1} = {9B5B75DC-FEE7-46CE-A377-A7B6DA9C356C}
		{0500E236-50FD-44E1-AD8C-B111DB85C5A2} = {9B5B75DC-FEE7-46CE-A377-A7B6DA9C356C}
		{490DCA16-E9E0-40FC-B520-64919FFD0F1F} = {9B5B75DC-FEE7-46CE-A377-A7B6DA9C356C}
		{A5D9F224-5604-47B2-BFC1-E54B64D570BD} = {9B5B75DC-FEE7-46CE-A377-A7B6DA9C356C}
		{DD4131F4-246F-44D3-A18F-D4BB00A7F620} = {9B5B75DC-FEE7-46CE-A377-A7B6DA9C356C}
		{CD70A024-5B31-442B-84FD-C61558363AE4} = {9B5B75DC-FEE7-46CE-A377-A7B6DA9C356C}
		{08840840-DF2D-4FAB-BCED-8B7C81097585} = {9B5B75DC-FEE7-46CE-A377-A7B6DA9C356C}
		{037266A1-C281-420D-93AA-4C30542762E0} = {9B5B75DC-FEE7-46CE-A377-A7B6DA9C356C}
		{63DC9F30-C87E-4320-871A-BB65A1F8A78F} = {9B5B75DC-FEE7-46CE-A377-A7B6DA9C356C}
		{D1E88766-6A17-45B0-8A3C-B0E08D48FABA} = {9B5B75DC-FEE7-46CE-A377-A7B6DA9C356C}
		{45D0DF87-03E1-4148-93E1-2D0E75B63501} = {9B5B75DC-FEE7-46CE-A377-A7B6DA9C356C}
		{789DE875-21AB-46BF-90CD-6C613B1EDA5B} = {9B5B75DC-FEE7-46CE-A377-A7B6DA9C356C}
		{ED68F4EE-7B3B-4929-9FCF-8F7AC9455812} = {9B5B75DC-FEE7-46CE-A377-A7B6DA9C356C}
		{5E16752C-9F5A-4D64-B80E-8D47410D2F89} = {9B5B75DC-FEE7-46CE-A377-A7B6DA9C356C}
		{35CACF51-13B6-4EAD-8C59-B5C68B0D7E49} = {9B5B75DC-FEE7-46CE-A377-A7B6DA9C356C}
		{E6DDE703-26D4-4E40-8206-AAC590B45681} = {9B5B75DC-FEE7-46CE-A377-A7B6DA9C356C}
		{FD3F2716-C664-40E2-B5CF-F4C0CB5D4AF2} = {9B5B75DC-FEE7-46CE-A377-A7B6DA9C356C}
		{FD2A6EE6-BE52-47CC-89B5-03B78E8E4BE0} = {9B5B75DC-FEE7-46CE-A377-A7B6DA9C356C}
		{96A389EC-8F40-439C-92E3-0165C1F88FAE} = {9B5B75DC-FEE7-46CE-A377-A7B6DA9C356C}
		{1D089603-24D5-4EC7-B15B-6266CD47FE2A} = {9B5B75DC-FEE7-46CE-A377-A7B6DA9C356C}
		{09ED6488-80F1-4F6E-BC2C-ECA10F93268B} = {9B5B75DC-FEE7-46CE-A377-A7B6DA9C356C}
		{2AD4235A-115D-4AEE-AADA-2C8C9FA5C310} = {9B5B75DC-FEE7-46CE-A377-A7B6DA9C356C}
		{B794BA88-CC56-48F7-8D53-9E30C648131C} = {9B5B75DC-FEE7-46CE-A377-A7B6DA9C356C}
		{4901CB00-22DB-4404-9CF4-8728491490E5} = {9B5B75DC-FEE7-46CE-A377-A7B6DA9C356C}
		{B14CEBF3-F021-4DAB-8D0A-4FB78BC872AC} = {9B5B75DC-FEE7-46CE-A377-A7B6DA9C356C}
		{D0402F50-9EF2-4C39-88B4-6FC13BCE60B2} = {9B5B75DC-FEE7-46CE-A377-A7B6DA9C356C}
		{2E293118-882D-4014-8DC3-012694359F99} = {9B5B75DC-FEE7-46CE-A377-A7B6DA9C356C}
		{5F647793-C67C-41E3-92C7-8932592586FC} = {9B5B75DC-FEE7-46CE-A377-A7B6DA9C356C}
		{C33BAE75-3A87-4C12-AC11-2ACE861BB085} = {9B5B75DC-FEE7-46CE-A377-A7B6DA9C356C}
		{99539F62-CB93-46F9-8133-5FBFA1433116} = {9B5B75DC-FEE7-46CE-A377-A7B6DA9C356C}
	EndGlobalSection
	GlobalSection(SolutionConfigurationPlatforms) = preSolution
		Debug|Any CPU = Debug|Any CPU
		Release|Any CPU = Release|Any CPU
	EndGlobalSection
	GlobalSection(ProjectConfigurationPlatforms) = postSolution
		{6F2A0C1E-4366-4E5E-8573-BAE34F37202F}.Debug|Any CPU.ActiveCfg = Debug|Any CPU
		{6F2A0C1E-4366-4E5E-8573-BAE34F37202F}.Debug|Any CPU.Build.0 = Debug|Any CPU
		{6F2A0C1E-4366-4E5E-8573-BAE34F37202F}.Release|Any CPU.ActiveCfg = Release|Any CPU
		{6F2A0C1E-4366-4E5E-8573-BAE34F37202F}.Release|Any CPU.Build.0 = Release|Any CPU
		{E403A728-0892-4F64-828E-7AA1B84BE74E}.Debug|Any CPU.ActiveCfg = Debug|Any CPU
		{E403A728-0892-4F64-828E-7AA1B84BE74E}.Debug|Any CPU.Build.0 = Debug|Any CPU
		{E403A728-0892-4F64-828E-7AA1B84BE74E}.Release|Any CPU.ActiveCfg = Release|Any CPU
		{E403A728-0892-4F64-828E-7AA1B84BE74E}.Release|Any CPU.Build.0 = Release|Any CPU
		{1E31E39D-594C-4E3E-883E-34E35010A494}.Debug|Any CPU.ActiveCfg = Debug|Any CPU
		{1E31E39D-594C-4E3E-883E-34E35010A494}.Debug|Any CPU.Build.0 = Debug|Any CPU
		{1E31E39D-594C-4E3E-883E-34E35010A494}.Release|Any CPU.ActiveCfg = Release|Any CPU
		{1E31E39D-594C-4E3E-883E-34E35010A494}.Release|Any CPU.Build.0 = Release|Any CPU
		{4F302738-B55C-4446-B72A-89BDE920EF92}.Debug|Any CPU.ActiveCfg = Debug|Any CPU
		{4F302738-B55C-4446-B72A-89BDE920EF92}.Debug|Any CPU.Build.0 = Debug|Any CPU
		{4F302738-B55C-4446-B72A-89BDE920EF92}.Release|Any CPU.ActiveCfg = Release|Any CPU
		{4F302738-B55C-4446-B72A-89BDE920EF92}.Release|Any CPU.Build.0 = Release|Any CPU
		{2AAD1C25-BF45-40C5-8CAC-55D743765819}.Debug|Any CPU.ActiveCfg = Debug|Any CPU
		{2AAD1C25-BF45-40C5-8CAC-55D743765819}.Debug|Any CPU.Build.0 = Debug|Any CPU
		{2AAD1C25-BF45-40C5-8CAC-55D743765819}.Release|Any CPU.ActiveCfg = Release|Any CPU
		{2AAD1C25-BF45-40C5-8CAC-55D743765819}.Release|Any CPU.Build.0 = Release|Any CPU
		{1F622410-98A8-488E-9356-E43EFEAAE63D}.Debug|Any CPU.ActiveCfg = Debug|Any CPU
		{1F622410-98A8-488E-9356-E43EFEAAE63D}.Debug|Any CPU.Build.0 = Debug|Any CPU
		{1F622410-98A8-488E-9356-E43EFEAAE63D}.Release|Any CPU.ActiveCfg = Release|Any CPU
		{1F622410-98A8-488E-9356-E43EFEAAE63D}.Release|Any CPU.Build.0 = Release|Any CPU
		{680FAF14-9E5C-437E-90BE-A2B1DEE1AAE9}.Debug|Any CPU.ActiveCfg = Debug|Any CPU
		{680FAF14-9E5C-437E-90BE-A2B1DEE1AAE9}.Debug|Any CPU.Build.0 = Debug|Any CPU
		{680FAF14-9E5C-437E-90BE-A2B1DEE1AAE9}.Release|Any CPU.ActiveCfg = Release|Any CPU
		{680FAF14-9E5C-437E-90BE-A2B1DEE1AAE9}.Release|Any CPU.Build.0 = Release|Any CPU
		{0B68AACF-2AFA-4E2D-B13F-3DEBB17944FC}.Debug|Any CPU.ActiveCfg = Debug|Any CPU
		{0B68AACF-2AFA-4E2D-B13F-3DEBB17944FC}.Debug|Any CPU.Build.0 = Debug|Any CPU
		{0B68AACF-2AFA-4E2D-B13F-3DEBB17944FC}.Release|Any CPU.ActiveCfg = Release|Any CPU
		{0B68AACF-2AFA-4E2D-B13F-3DEBB17944FC}.Release|Any CPU.Build.0 = Release|Any CPU
		{E05FC3D8-90B6-4045-B448-1D059DAC38A3}.Debug|Any CPU.ActiveCfg = Debug|Any CPU
		{E05FC3D8-90B6-4045-B448-1D059DAC38A3}.Debug|Any CPU.Build.0 = Debug|Any CPU
		{E05FC3D8-90B6-4045-B448-1D059DAC38A3}.Release|Any CPU.ActiveCfg = Release|Any CPU
		{E05FC3D8-90B6-4045-B448-1D059DAC38A3}.Release|Any CPU.Build.0 = Release|Any CPU
		{FC435FC0-806F-434F-B35B-B38DA4A641DB}.Debug|Any CPU.ActiveCfg = Debug|Any CPU
		{FC435FC0-806F-434F-B35B-B38DA4A641DB}.Debug|Any CPU.Build.0 = Debug|Any CPU
		{FC435FC0-806F-434F-B35B-B38DA4A641DB}.Release|Any CPU.ActiveCfg = Release|Any CPU
		{FC435FC0-806F-434F-B35B-B38DA4A641DB}.Release|Any CPU.Build.0 = Release|Any CPU
		{A3EFAD35-2BCC-4D2E-B743-FDE336E22A6E}.Debug|Any CPU.ActiveCfg = Debug|Any CPU
		{A3EFAD35-2BCC-4D2E-B743-FDE336E22A6E}.Debug|Any CPU.Build.0 = Debug|Any CPU
		{A3EFAD35-2BCC-4D2E-B743-FDE336E22A6E}.Release|Any CPU.ActiveCfg = Release|Any CPU
		{A3EFAD35-2BCC-4D2E-B743-FDE336E22A6E}.Release|Any CPU.Build.0 = Release|Any CPU
		{D94724F7-5326-474D-8D5B-1931962667E6}.Debug|Any CPU.ActiveCfg = Debug|Any CPU
		{D94724F7-5326-474D-8D5B-1931962667E6}.Debug|Any CPU.Build.0 = Debug|Any CPU
		{D94724F7-5326-474D-8D5B-1931962667E6}.Release|Any CPU.ActiveCfg = Release|Any CPU
		{D94724F7-5326-474D-8D5B-1931962667E6}.Release|Any CPU.Build.0 = Release|Any CPU
		{088C66C5-F7EC-4A46-928E-71E952970FA6}.Debug|Any CPU.ActiveCfg = Debug|Any CPU
		{088C66C5-F7EC-4A46-928E-71E952970FA6}.Debug|Any CPU.Build.0 = Debug|Any CPU
		{088C66C5-F7EC-4A46-928E-71E952970FA6}.Release|Any CPU.ActiveCfg = Release|Any CPU
		{088C66C5-F7EC-4A46-928E-71E952970FA6}.Release|Any CPU.Build.0 = Release|Any CPU
		{AF66942A-0C66-4B8B-A4FE-1EA64725BC79}.Debug|Any CPU.ActiveCfg = Debug|Any CPU
		{AF66942A-0C66-4B8B-A4FE-1EA64725BC79}.Debug|Any CPU.Build.0 = Debug|Any CPU
		{AF66942A-0C66-4B8B-A4FE-1EA64725BC79}.Release|Any CPU.ActiveCfg = Release|Any CPU
		{AF66942A-0C66-4B8B-A4FE-1EA64725BC79}.Release|Any CPU.Build.0 = Release|Any CPU
		{82985D76-47F2-4F4B-BCCC-C7689B05F93D}.Debug|Any CPU.ActiveCfg = Debug|Any CPU
		{82985D76-47F2-4F4B-BCCC-C7689B05F93D}.Debug|Any CPU.Build.0 = Debug|Any CPU
		{82985D76-47F2-4F4B-BCCC-C7689B05F93D}.Release|Any CPU.ActiveCfg = Release|Any CPU
		{82985D76-47F2-4F4B-BCCC-C7689B05F93D}.Release|Any CPU.Build.0 = Release|Any CPU
		{4770DFB6-6A73-4951-93CB-FB2F0E48C800}.Debug|Any CPU.ActiveCfg = Debug|Any CPU
		{4770DFB6-6A73-4951-93CB-FB2F0E48C800}.Debug|Any CPU.Build.0 = Debug|Any CPU
		{4770DFB6-6A73-4951-93CB-FB2F0E48C800}.Release|Any CPU.ActiveCfg = Release|Any CPU
		{4770DFB6-6A73-4951-93CB-FB2F0E48C800}.Release|Any CPU.Build.0 = Release|Any CPU
		{F9EBF9A7-56C5-473A-AB62-8512B9EA3BFD}.Debug|Any CPU.ActiveCfg = Debug|Any CPU
		{F9EBF9A7-56C5-473A-AB62-8512B9EA3BFD}.Debug|Any CPU.Build.0 = Debug|Any CPU
		{F9EBF9A7-56C5-473A-AB62-8512B9EA3BFD}.Release|Any CPU.ActiveCfg = Release|Any CPU
		{F9EBF9A7-56C5-473A-AB62-8512B9EA3BFD}.Release|Any CPU.Build.0 = Release|Any CPU
		{413A2A69-A044-425A-81ED-4DF9F4BB3D29}.Debug|Any CPU.ActiveCfg = Debug|Any CPU
		{413A2A69-A044-425A-81ED-4DF9F4BB3D29}.Debug|Any CPU.Build.0 = Debug|Any CPU
		{413A2A69-A044-425A-81ED-4DF9F4BB3D29}.Release|Any CPU.ActiveCfg = Release|Any CPU
		{413A2A69-A044-425A-81ED-4DF9F4BB3D29}.Release|Any CPU.Build.0 = Release|Any CPU
		{47C009EC-35E7-426E-B036-DA8DC7FC840D}.Debug|Any CPU.ActiveCfg = Debug|Any CPU
		{47C009EC-35E7-426E-B036-DA8DC7FC840D}.Debug|Any CPU.Build.0 = Debug|Any CPU
		{47C009EC-35E7-426E-B036-DA8DC7FC840D}.Release|Any CPU.ActiveCfg = Release|Any CPU
		{47C009EC-35E7-426E-B036-DA8DC7FC840D}.Release|Any CPU.Build.0 = Release|Any CPU
		{1D12AB0A-83A1-4668-B5CD-BA212C9A2495}.Debug|Any CPU.ActiveCfg = Debug|Any CPU
		{1D12AB0A-83A1-4668-B5CD-BA212C9A2495}.Debug|Any CPU.Build.0 = Debug|Any CPU
		{1D12AB0A-83A1-4668-B5CD-BA212C9A2495}.Release|Any CPU.ActiveCfg = Release|Any CPU
		{1D12AB0A-83A1-4668-B5CD-BA212C9A2495}.Release|Any CPU.Build.0 = Release|Any CPU
		{99A152D2-225F-4FCC-9A59-22E9ECFB31F3}.Debug|Any CPU.ActiveCfg = Debug|Any CPU
		{99A152D2-225F-4FCC-9A59-22E9ECFB31F3}.Debug|Any CPU.Build.0 = Debug|Any CPU
		{99A152D2-225F-4FCC-9A59-22E9ECFB31F3}.Release|Any CPU.ActiveCfg = Release|Any CPU
		{99A152D2-225F-4FCC-9A59-22E9ECFB31F3}.Release|Any CPU.Build.0 = Release|Any CPU
		{75444F95-3973-47BF-BC99-9D8C7C6950AD}.Debug|Any CPU.ActiveCfg = Debug|Any CPU
		{75444F95-3973-47BF-BC99-9D8C7C6950AD}.Debug|Any CPU.Build.0 = Debug|Any CPU
		{75444F95-3973-47BF-BC99-9D8C7C6950AD}.Release|Any CPU.ActiveCfg = Release|Any CPU
		{75444F95-3973-47BF-BC99-9D8C7C6950AD}.Release|Any CPU.Build.0 = Release|Any CPU
		{E0FD371D-FF93-4F39-BA8A-6AC60A670F8A}.Debug|Any CPU.ActiveCfg = Debug|Any CPU
		{E0FD371D-FF93-4F39-BA8A-6AC60A670F8A}.Debug|Any CPU.Build.0 = Debug|Any CPU
		{E0FD371D-FF93-4F39-BA8A-6AC60A670F8A}.Release|Any CPU.ActiveCfg = Release|Any CPU
		{E0FD371D-FF93-4F39-BA8A-6AC60A670F8A}.Release|Any CPU.Build.0 = Release|Any CPU
		{61C91353-1E05-484C-8DB4-3F35EE7652DF}.Debug|Any CPU.ActiveCfg = Debug|Any CPU
		{61C91353-1E05-484C-8DB4-3F35EE7652DF}.Debug|Any CPU.Build.0 = Debug|Any CPU
		{61C91353-1E05-484C-8DB4-3F35EE7652DF}.Release|Any CPU.ActiveCfg = Release|Any CPU
		{61C91353-1E05-484C-8DB4-3F35EE7652DF}.Release|Any CPU.Build.0 = Release|Any CPU
		{D1977060-3D1B-4287-9391-3103EFB207F8}.Debug|Any CPU.ActiveCfg = Debug|Any CPU
		{D1977060-3D1B-4287-9391-3103EFB207F8}.Debug|Any CPU.Build.0 = Debug|Any CPU
		{D1977060-3D1B-4287-9391-3103EFB207F8}.Release|Any CPU.ActiveCfg = Release|Any CPU
		{D1977060-3D1B-4287-9391-3103EFB207F8}.Release|Any CPU.Build.0 = Release|Any CPU
		{D3233AB6-A3F1-4553-AFCD-C962E540C994}.Debug|Any CPU.ActiveCfg = Debug|Any CPU
		{D3233AB6-A3F1-4553-AFCD-C962E540C994}.Debug|Any CPU.Build.0 = Debug|Any CPU
		{D3233AB6-A3F1-4553-AFCD-C962E540C994}.Release|Any CPU.ActiveCfg = Release|Any CPU
		{D3233AB6-A3F1-4553-AFCD-C962E540C994}.Release|Any CPU.Build.0 = Release|Any CPU
		{CF49DD71-895F-4B4C-97A1-F03F62EFC4B9}.Debug|Any CPU.ActiveCfg = Debug|Any CPU
		{CF49DD71-895F-4B4C-97A1-F03F62EFC4B9}.Debug|Any CPU.Build.0 = Debug|Any CPU
		{CF49DD71-895F-4B4C-97A1-F03F62EFC4B9}.Release|Any CPU.ActiveCfg = Release|Any CPU
		{CF49DD71-895F-4B4C-97A1-F03F62EFC4B9}.Release|Any CPU.Build.0 = Release|Any CPU
		{5EB763D7-FC36-459B-A0D4-4132A9343CCB}.Debug|Any CPU.ActiveCfg = Debug|Any CPU
		{5EB763D7-FC36-459B-A0D4-4132A9343CCB}.Debug|Any CPU.Build.0 = Debug|Any CPU
		{5EB763D7-FC36-459B-A0D4-4132A9343CCB}.Release|Any CPU.ActiveCfg = Release|Any CPU
		{5EB763D7-FC36-459B-A0D4-4132A9343CCB}.Release|Any CPU.Build.0 = Release|Any CPU
		{744006DE-8674-4EFA-80F3-498D3752699F}.Debug|Any CPU.ActiveCfg = Debug|Any CPU
		{744006DE-8674-4EFA-80F3-498D3752699F}.Debug|Any CPU.Build.0 = Debug|Any CPU
		{744006DE-8674-4EFA-80F3-498D3752699F}.Release|Any CPU.ActiveCfg = Release|Any CPU
		{744006DE-8674-4EFA-80F3-498D3752699F}.Release|Any CPU.Build.0 = Release|Any CPU
		{AD72793A-62AC-4D25-A5AE-FE69E98F5272}.Debug|Any CPU.ActiveCfg = Debug|Any CPU
		{AD72793A-62AC-4D25-A5AE-FE69E98F5272}.Debug|Any CPU.Build.0 = Debug|Any CPU
		{AD72793A-62AC-4D25-A5AE-FE69E98F5272}.Release|Any CPU.ActiveCfg = Release|Any CPU
		{AD72793A-62AC-4D25-A5AE-FE69E98F5272}.Release|Any CPU.Build.0 = Release|Any CPU
		{8F140EF0-32DA-4D36-BDBD-2D4A040D165A}.Debug|Any CPU.ActiveCfg = Debug|Any CPU
		{8F140EF0-32DA-4D36-BDBD-2D4A040D165A}.Debug|Any CPU.Build.0 = Debug|Any CPU
		{8F140EF0-32DA-4D36-BDBD-2D4A040D165A}.Release|Any CPU.ActiveCfg = Release|Any CPU
		{8F140EF0-32DA-4D36-BDBD-2D4A040D165A}.Release|Any CPU.Build.0 = Release|Any CPU
		{4815C98D-E1CD-43E5-9CB0-1366376D342E}.Debug|Any CPU.ActiveCfg = Debug|Any CPU
		{4815C98D-E1CD-43E5-9CB0-1366376D342E}.Debug|Any CPU.Build.0 = Debug|Any CPU
		{4815C98D-E1CD-43E5-9CB0-1366376D342E}.Release|Any CPU.ActiveCfg = Release|Any CPU
		{4815C98D-E1CD-43E5-9CB0-1366376D342E}.Release|Any CPU.Build.0 = Release|Any CPU
		{299ACADC-0334-47C7-A669-BA5CD79E2A60}.Debug|Any CPU.ActiveCfg = Debug|Any CPU
		{299ACADC-0334-47C7-A669-BA5CD79E2A60}.Debug|Any CPU.Build.0 = Debug|Any CPU
		{299ACADC-0334-47C7-A669-BA5CD79E2A60}.Release|Any CPU.ActiveCfg = Release|Any CPU
		{299ACADC-0334-47C7-A669-BA5CD79E2A60}.Release|Any CPU.Build.0 = Release|Any CPU
		{68BF8787-3A08-4BBB-850D-6F3EF6EE822A}.Debug|Any CPU.ActiveCfg = Debug|Any CPU
		{68BF8787-3A08-4BBB-850D-6F3EF6EE822A}.Debug|Any CPU.Build.0 = Debug|Any CPU
		{68BF8787-3A08-4BBB-850D-6F3EF6EE822A}.Release|Any CPU.ActiveCfg = Release|Any CPU
		{68BF8787-3A08-4BBB-850D-6F3EF6EE822A}.Release|Any CPU.Build.0 = Release|Any CPU
		{9AE1BB7C-956C-42DE-AE3D-0DE6E49DC676}.Debug|Any CPU.ActiveCfg = Debug|Any CPU
		{9AE1BB7C-956C-42DE-AE3D-0DE6E49DC676}.Debug|Any CPU.Build.0 = Debug|Any CPU
		{9AE1BB7C-956C-42DE-AE3D-0DE6E49DC676}.Release|Any CPU.ActiveCfg = Release|Any CPU
		{9AE1BB7C-956C-42DE-AE3D-0DE6E49DC676}.Release|Any CPU.Build.0 = Release|Any CPU
		{F2512C17-276C-447E-8B7B-75BCC012E4AD}.Debug|Any CPU.ActiveCfg = Debug|Any CPU
		{F2512C17-276C-447E-8B7B-75BCC012E4AD}.Debug|Any CPU.Build.0 = Debug|Any CPU
		{F2512C17-276C-447E-8B7B-75BCC012E4AD}.Release|Any CPU.ActiveCfg = Release|Any CPU
		{F2512C17-276C-447E-8B7B-75BCC012E4AD}.Release|Any CPU.Build.0 = Release|Any CPU
		{654E4E39-B092-48BB-A337-092C8A1CBB49}.Debug|Any CPU.ActiveCfg = Debug|Any CPU
		{654E4E39-B092-48BB-A337-092C8A1CBB49}.Debug|Any CPU.Build.0 = Debug|Any CPU
		{654E4E39-B092-48BB-A337-092C8A1CBB49}.Release|Any CPU.ActiveCfg = Release|Any CPU
		{654E4E39-B092-48BB-A337-092C8A1CBB49}.Release|Any CPU.Build.0 = Release|Any CPU
		{93CD5968-EB24-4075-9DAD-508710F0E49E}.Debug|Any CPU.ActiveCfg = Debug|Any CPU
		{93CD5968-EB24-4075-9DAD-508710F0E49E}.Debug|Any CPU.Build.0 = Debug|Any CPU
		{93CD5968-EB24-4075-9DAD-508710F0E49E}.Release|Any CPU.ActiveCfg = Release|Any CPU
		{93CD5968-EB24-4075-9DAD-508710F0E49E}.Release|Any CPU.Build.0 = Release|Any CPU
		{814AFE5F-597E-4B43-B295-F82A70A3600D}.Debug|Any CPU.ActiveCfg = Debug|Any CPU
		{814AFE5F-597E-4B43-B295-F82A70A3600D}.Debug|Any CPU.Build.0 = Debug|Any CPU
		{814AFE5F-597E-4B43-B295-F82A70A3600D}.Release|Any CPU.ActiveCfg = Release|Any CPU
		{814AFE5F-597E-4B43-B295-F82A70A3600D}.Release|Any CPU.Build.0 = Release|Any CPU
		{F95EC815-BF13-4FFD-9FEB-D83001C28E88}.Debug|Any CPU.ActiveCfg = Debug|Any CPU
		{F95EC815-BF13-4FFD-9FEB-D83001C28E88}.Debug|Any CPU.Build.0 = Debug|Any CPU
		{F95EC815-BF13-4FFD-9FEB-D83001C28E88}.Release|Any CPU.ActiveCfg = Release|Any CPU
		{F95EC815-BF13-4FFD-9FEB-D83001C28E88}.Release|Any CPU.Build.0 = Release|Any CPU
		{B188FCF0-1371-42F4-80A4-E1312E03DA3D}.Debug|Any CPU.ActiveCfg = Debug|Any CPU
		{B188FCF0-1371-42F4-80A4-E1312E03DA3D}.Debug|Any CPU.Build.0 = Debug|Any CPU
		{B188FCF0-1371-42F4-80A4-E1312E03DA3D}.Release|Any CPU.ActiveCfg = Release|Any CPU
		{B188FCF0-1371-42F4-80A4-E1312E03DA3D}.Release|Any CPU.Build.0 = Release|Any CPU
		{A454230A-E221-4B60-82BE-E65FB2CE81B8}.Debug|Any CPU.ActiveCfg = Debug|Any CPU
		{A454230A-E221-4B60-82BE-E65FB2CE81B8}.Debug|Any CPU.Build.0 = Debug|Any CPU
		{A454230A-E221-4B60-82BE-E65FB2CE81B8}.Release|Any CPU.ActiveCfg = Release|Any CPU
		{A454230A-E221-4B60-82BE-E65FB2CE81B8}.Release|Any CPU.Build.0 = Release|Any CPU
		{17EED223-1243-46D4-A148-A0CBF1C81089}.Debug|Any CPU.ActiveCfg = Debug|Any CPU
		{17EED223-1243-46D4-A148-A0CBF1C81089}.Debug|Any CPU.Build.0 = Debug|Any CPU
		{17EED223-1243-46D4-A148-A0CBF1C81089}.Release|Any CPU.ActiveCfg = Release|Any CPU
		{17EED223-1243-46D4-A148-A0CBF1C81089}.Release|Any CPU.Build.0 = Release|Any CPU
		{1B979D9D-B4E1-4986-896E-94B1FDD35459}.Debug|Any CPU.ActiveCfg = Debug|Any CPU
		{1B979D9D-B4E1-4986-896E-94B1FDD35459}.Debug|Any CPU.Build.0 = Debug|Any CPU
		{1B979D9D-B4E1-4986-896E-94B1FDD35459}.Release|Any CPU.ActiveCfg = Release|Any CPU
		{1B979D9D-B4E1-4986-896E-94B1FDD35459}.Release|Any CPU.Build.0 = Release|Any CPU
		{C11E6619-ED78-424D-A1E0-C71273E55258}.Debug|Any CPU.ActiveCfg = Debug|Any CPU
		{C11E6619-ED78-424D-A1E0-C71273E55258}.Debug|Any CPU.Build.0 = Debug|Any CPU
		{C11E6619-ED78-424D-A1E0-C71273E55258}.Release|Any CPU.ActiveCfg = Release|Any CPU
		{C11E6619-ED78-424D-A1E0-C71273E55258}.Release|Any CPU.Build.0 = Release|Any CPU
		{1E0A1082-7C87-4E8C-B38D-B13266F8ADA1}.Debug|Any CPU.ActiveCfg = Debug|Any CPU
		{1E0A1082-7C87-4E8C-B38D-B13266F8ADA1}.Debug|Any CPU.Build.0 = Debug|Any CPU
		{1E0A1082-7C87-4E8C-B38D-B13266F8ADA1}.Release|Any CPU.ActiveCfg = Release|Any CPU
		{1E0A1082-7C87-4E8C-B38D-B13266F8ADA1}.Release|Any CPU.Build.0 = Release|Any CPU
		{BE0844AA-E4D0-4E59-AE68-A836D783D187}.Debug|Any CPU.ActiveCfg = Debug|Any CPU
		{BE0844AA-E4D0-4E59-AE68-A836D783D187}.Debug|Any CPU.Build.0 = Debug|Any CPU
		{BE0844AA-E4D0-4E59-AE68-A836D783D187}.Release|Any CPU.ActiveCfg = Release|Any CPU
		{BE0844AA-E4D0-4E59-AE68-A836D783D187}.Release|Any CPU.Build.0 = Release|Any CPU
		{A8BA0215-1BB8-4D1F-B3B5-808A5E33FFA7}.Debug|Any CPU.ActiveCfg = Debug|Any CPU
		{A8BA0215-1BB8-4D1F-B3B5-808A5E33FFA7}.Debug|Any CPU.Build.0 = Debug|Any CPU
		{A8BA0215-1BB8-4D1F-B3B5-808A5E33FFA7}.Release|Any CPU.ActiveCfg = Release|Any CPU
		{A8BA0215-1BB8-4D1F-B3B5-808A5E33FFA7}.Release|Any CPU.Build.0 = Release|Any CPU
		{0A987E73-5076-4128-930E-0B187D921937}.Debug|Any CPU.ActiveCfg = Debug|Any CPU
		{0A987E73-5076-4128-930E-0B187D921937}.Debug|Any CPU.Build.0 = Debug|Any CPU
		{0A987E73-5076-4128-930E-0B187D921937}.Release|Any CPU.ActiveCfg = Release|Any CPU
		{0A987E73-5076-4128-930E-0B187D921937}.Release|Any CPU.Build.0 = Release|Any CPU
		{62B2CED8-F0E7-4748-96CB-1163A525D2E2}.Debug|Any CPU.ActiveCfg = Debug|Any CPU
		{62B2CED8-F0E7-4748-96CB-1163A525D2E2}.Debug|Any CPU.Build.0 = Debug|Any CPU
		{62B2CED8-F0E7-4748-96CB-1163A525D2E2}.Release|Any CPU.ActiveCfg = Release|Any CPU
		{62B2CED8-F0E7-4748-96CB-1163A525D2E2}.Release|Any CPU.Build.0 = Release|Any CPU
		{FE9D76AA-C80F-47B3-A057-F22407004F83}.Debug|Any CPU.ActiveCfg = Debug|Any CPU
		{FE9D76AA-C80F-47B3-A057-F22407004F83}.Debug|Any CPU.Build.0 = Debug|Any CPU
		{FE9D76AA-C80F-47B3-A057-F22407004F83}.Release|Any CPU.ActiveCfg = Release|Any CPU
		{FE9D76AA-C80F-47B3-A057-F22407004F83}.Release|Any CPU.Build.0 = Release|Any CPU
		{008413DE-8FA6-4190-8C21-C87E45436A71}.Debug|Any CPU.ActiveCfg = Debug|Any CPU
		{008413DE-8FA6-4190-8C21-C87E45436A71}.Debug|Any CPU.Build.0 = Debug|Any CPU
		{008413DE-8FA6-4190-8C21-C87E45436A71}.Release|Any CPU.ActiveCfg = Release|Any CPU
		{008413DE-8FA6-4190-8C21-C87E45436A71}.Release|Any CPU.Build.0 = Release|Any CPU
		{F149D8C1-0D03-4634-B784-7F561407314E}.Debug|Any CPU.ActiveCfg = Debug|Any CPU
		{F149D8C1-0D03-4634-B784-7F561407314E}.Debug|Any CPU.Build.0 = Debug|Any CPU
		{F149D8C1-0D03-4634-B784-7F561407314E}.Release|Any CPU.ActiveCfg = Release|Any CPU
		{F149D8C1-0D03-4634-B784-7F561407314E}.Release|Any CPU.Build.0 = Release|Any CPU
		{6560E440-C77C-4B79-9CC9-D243A7AE8FF7}.Debug|Any CPU.ActiveCfg = Debug|Any CPU
		{6560E440-C77C-4B79-9CC9-D243A7AE8FF7}.Debug|Any CPU.Build.0 = Debug|Any CPU
		{6560E440-C77C-4B79-9CC9-D243A7AE8FF7}.Release|Any CPU.ActiveCfg = Release|Any CPU
		{6560E440-C77C-4B79-9CC9-D243A7AE8FF7}.Release|Any CPU.Build.0 = Release|Any CPU
		{ADDC9235-4C89-4348-91ED-523494B9DA76}.Debug|Any CPU.ActiveCfg = Debug|Any CPU
		{ADDC9235-4C89-4348-91ED-523494B9DA76}.Debug|Any CPU.Build.0 = Debug|Any CPU
		{ADDC9235-4C89-4348-91ED-523494B9DA76}.Release|Any CPU.ActiveCfg = Release|Any CPU
		{ADDC9235-4C89-4348-91ED-523494B9DA76}.Release|Any CPU.Build.0 = Release|Any CPU
		{39CA3406-AFED-4E5C-AAA4-38D80FDDDF4E}.Debug|Any CPU.ActiveCfg = Debug|Any CPU
		{39CA3406-AFED-4E5C-AAA4-38D80FDDDF4E}.Debug|Any CPU.Build.0 = Debug|Any CPU
		{39CA3406-AFED-4E5C-AAA4-38D80FDDDF4E}.Release|Any CPU.ActiveCfg = Release|Any CPU
		{39CA3406-AFED-4E5C-AAA4-38D80FDDDF4E}.Release|Any CPU.Build.0 = Release|Any CPU
		{2BD3A735-CC09-4EAE-9212-539806F9B6B2}.Debug|Any CPU.ActiveCfg = Debug|Any CPU
		{2BD3A735-CC09-4EAE-9212-539806F9B6B2}.Debug|Any CPU.Build.0 = Debug|Any CPU
		{2BD3A735-CC09-4EAE-9212-539806F9B6B2}.Release|Any CPU.ActiveCfg = Release|Any CPU
		{2BD3A735-CC09-4EAE-9212-539806F9B6B2}.Release|Any CPU.Build.0 = Release|Any CPU
		{3290E737-8AA0-45BA-B33B-61AFC560DE91}.Debug|Any CPU.ActiveCfg = Debug|Any CPU
		{3290E737-8AA0-45BA-B33B-61AFC560DE91}.Debug|Any CPU.Build.0 = Debug|Any CPU
		{3290E737-8AA0-45BA-B33B-61AFC560DE91}.Release|Any CPU.ActiveCfg = Release|Any CPU
		{3290E737-8AA0-45BA-B33B-61AFC560DE91}.Release|Any CPU.Build.0 = Release|Any CPU
		{91ACF667-8C53-483F-8001-DDDD6168C815}.Debug|Any CPU.ActiveCfg = Debug|Any CPU
		{91ACF667-8C53-483F-8001-DDDD6168C815}.Debug|Any CPU.Build.0 = Debug|Any CPU
		{91ACF667-8C53-483F-8001-DDDD6168C815}.Release|Any CPU.ActiveCfg = Release|Any CPU
		{91ACF667-8C53-483F-8001-DDDD6168C815}.Release|Any CPU.Build.0 = Release|Any CPU
		{7B636473-6746-4D4C-8F8A-36D446CB3816}.Debug|Any CPU.ActiveCfg = Debug|Any CPU
		{7B636473-6746-4D4C-8F8A-36D446CB3816}.Debug|Any CPU.Build.0 = Debug|Any CPU
		{7B636473-6746-4D4C-8F8A-36D446CB3816}.Release|Any CPU.ActiveCfg = Release|Any CPU
		{7B636473-6746-4D4C-8F8A-36D446CB3816}.Release|Any CPU.Build.0 = Release|Any CPU
		{780E0E97-5645-4E8C-A669-94D26CE3D1A0}.Debug|Any CPU.ActiveCfg = Debug|Any CPU
		{780E0E97-5645-4E8C-A669-94D26CE3D1A0}.Debug|Any CPU.Build.0 = Debug|Any CPU
		{780E0E97-5645-4E8C-A669-94D26CE3D1A0}.Release|Any CPU.ActiveCfg = Release|Any CPU
		{780E0E97-5645-4E8C-A669-94D26CE3D1A0}.Release|Any CPU.Build.0 = Release|Any CPU
		{287871BB-2676-41C8-B392-3015B5967AD0}.Debug|Any CPU.ActiveCfg = Debug|Any CPU
		{287871BB-2676-41C8-B392-3015B5967AD0}.Debug|Any CPU.Build.0 = Debug|Any CPU
		{287871BB-2676-41C8-B392-3015B5967AD0}.Release|Any CPU.ActiveCfg = Release|Any CPU
		{287871BB-2676-41C8-B392-3015B5967AD0}.Release|Any CPU.Build.0 = Release|Any CPU
		{2B604C7D-104B-4BCB-8C13-E11E05A85C32}.Debug|Any CPU.ActiveCfg = Debug|Any CPU
		{2B604C7D-104B-4BCB-8C13-E11E05A85C32}.Debug|Any CPU.Build.0 = Debug|Any CPU
		{2B604C7D-104B-4BCB-8C13-E11E05A85C32}.Release|Any CPU.ActiveCfg = Release|Any CPU
		{2B604C7D-104B-4BCB-8C13-E11E05A85C32}.Release|Any CPU.Build.0 = Release|Any CPU
		{FA0E3650-2287-4C68-BC30-6D916324F1F5}.Debug|Any CPU.ActiveCfg = Debug|Any CPU
		{FA0E3650-2287-4C68-BC30-6D916324F1F5}.Debug|Any CPU.Build.0 = Debug|Any CPU
		{FA0E3650-2287-4C68-BC30-6D916324F1F5}.Release|Any CPU.ActiveCfg = Release|Any CPU
		{FA0E3650-2287-4C68-BC30-6D916324F1F5}.Release|Any CPU.Build.0 = Release|Any CPU
		{FB161B68-A089-483F-8ACF-8F0626B439DC}.Debug|Any CPU.ActiveCfg = Debug|Any CPU
		{FB161B68-A089-483F-8ACF-8F0626B439DC}.Debug|Any CPU.Build.0 = Debug|Any CPU
		{FB161B68-A089-483F-8ACF-8F0626B439DC}.Release|Any CPU.ActiveCfg = Release|Any CPU
		{FB161B68-A089-483F-8ACF-8F0626B439DC}.Release|Any CPU.Build.0 = Release|Any CPU
		{AED2EAD6-4780-42F1-9AC7-BE506A4153DE}.Debug|Any CPU.ActiveCfg = Debug|Any CPU
		{AED2EAD6-4780-42F1-9AC7-BE506A4153DE}.Debug|Any CPU.Build.0 = Debug|Any CPU
		{AED2EAD6-4780-42F1-9AC7-BE506A4153DE}.Release|Any CPU.ActiveCfg = Release|Any CPU
		{AED2EAD6-4780-42F1-9AC7-BE506A4153DE}.Release|Any CPU.Build.0 = Release|Any CPU
		{686FDD77-E6B9-4940-86B5-B270DFF0B30C}.Debug|Any CPU.ActiveCfg = Debug|Any CPU
		{686FDD77-E6B9-4940-86B5-B270DFF0B30C}.Debug|Any CPU.Build.0 = Debug|Any CPU
		{686FDD77-E6B9-4940-86B5-B270DFF0B30C}.Release|Any CPU.ActiveCfg = Release|Any CPU
		{686FDD77-E6B9-4940-86B5-B270DFF0B30C}.Release|Any CPU.Build.0 = Release|Any CPU
		{98DEB08C-6F4E-49F4-8124-CD3FC3BC562D}.Debug|Any CPU.ActiveCfg = Debug|Any CPU
		{98DEB08C-6F4E-49F4-8124-CD3FC3BC562D}.Debug|Any CPU.Build.0 = Debug|Any CPU
		{98DEB08C-6F4E-49F4-8124-CD3FC3BC562D}.Release|Any CPU.ActiveCfg = Release|Any CPU
		{98DEB08C-6F4E-49F4-8124-CD3FC3BC562D}.Release|Any CPU.Build.0 = Release|Any CPU
		{3388A5F8-9247-4503-A051-93532F02FCFB}.Debug|Any CPU.ActiveCfg = Debug|Any CPU
		{3388A5F8-9247-4503-A051-93532F02FCFB}.Debug|Any CPU.Build.0 = Debug|Any CPU
		{3388A5F8-9247-4503-A051-93532F02FCFB}.Release|Any CPU.ActiveCfg = Release|Any CPU
		{3388A5F8-9247-4503-A051-93532F02FCFB}.Release|Any CPU.Build.0 = Release|Any CPU
		{8F59BF74-D5A2-4E81-A3E3-CF18FE4617E9}.Debug|Any CPU.ActiveCfg = Debug|Any CPU
		{8F59BF74-D5A2-4E81-A3E3-CF18FE4617E9}.Debug|Any CPU.Build.0 = Debug|Any CPU
		{8F59BF74-D5A2-4E81-A3E3-CF18FE4617E9}.Release|Any CPU.ActiveCfg = Release|Any CPU
		{8F59BF74-D5A2-4E81-A3E3-CF18FE4617E9}.Release|Any CPU.Build.0 = Release|Any CPU
		{63A399E0-9EA5-42CC-961A-6BDFFDF71B6E}.Debug|Any CPU.ActiveCfg = Debug|Any CPU
		{63A399E0-9EA5-42CC-961A-6BDFFDF71B6E}.Debug|Any CPU.Build.0 = Debug|Any CPU
		{63A399E0-9EA5-42CC-961A-6BDFFDF71B6E}.Release|Any CPU.ActiveCfg = Release|Any CPU
		{63A399E0-9EA5-42CC-961A-6BDFFDF71B6E}.Release|Any CPU.Build.0 = Release|Any CPU
		{E30A7E7E-7ACB-43CC-B9D3-1E4DA122FA39}.Debug|Any CPU.ActiveCfg = Debug|Any CPU
		{E30A7E7E-7ACB-43CC-B9D3-1E4DA122FA39}.Debug|Any CPU.Build.0 = Debug|Any CPU
		{E30A7E7E-7ACB-43CC-B9D3-1E4DA122FA39}.Release|Any CPU.ActiveCfg = Release|Any CPU
		{E30A7E7E-7ACB-43CC-B9D3-1E4DA122FA39}.Release|Any CPU.Build.0 = Release|Any CPU
		{3B138855-AC48-47D0-BB01-573D65380BC1}.Debug|Any CPU.ActiveCfg = Debug|Any CPU
		{3B138855-AC48-47D0-BB01-573D65380BC1}.Debug|Any CPU.Build.0 = Debug|Any CPU
		{3B138855-AC48-47D0-BB01-573D65380BC1}.Release|Any CPU.ActiveCfg = Release|Any CPU
		{3B138855-AC48-47D0-BB01-573D65380BC1}.Release|Any CPU.Build.0 = Release|Any CPU
		{0500E236-50FD-44E1-AD8C-B111DB85C5A2}.Debug|Any CPU.ActiveCfg = Debug|Any CPU
		{0500E236-50FD-44E1-AD8C-B111DB85C5A2}.Debug|Any CPU.Build.0 = Debug|Any CPU
		{0500E236-50FD-44E1-AD8C-B111DB85C5A2}.Release|Any CPU.ActiveCfg = Release|Any CPU
		{0500E236-50FD-44E1-AD8C-B111DB85C5A2}.Release|Any CPU.Build.0 = Release|Any CPU
		{490DCA16-E9E0-40FC-B520-64919FFD0F1F}.Debug|Any CPU.ActiveCfg = Debug|Any CPU
		{490DCA16-E9E0-40FC-B520-64919FFD0F1F}.Debug|Any CPU.Build.0 = Debug|Any CPU
		{490DCA16-E9E0-40FC-B520-64919FFD0F1F}.Release|Any CPU.ActiveCfg = Release|Any CPU
		{490DCA16-E9E0-40FC-B520-64919FFD0F1F}.Release|Any CPU.Build.0 = Release|Any CPU
		{A5D9F224-5604-47B2-BFC1-E54B64D570BD}.Debug|Any CPU.ActiveCfg = Debug|Any CPU
		{A5D9F224-5604-47B2-BFC1-E54B64D570BD}.Debug|Any CPU.Build.0 = Debug|Any CPU
		{A5D9F224-5604-47B2-BFC1-E54B64D570BD}.Release|Any CPU.ActiveCfg = Release|Any CPU
		{A5D9F224-5604-47B2-BFC1-E54B64D570BD}.Release|Any CPU.Build.0 = Release|Any CPU
		{DD4131F4-246F-44D3-A18F-D4BB00A7F620}.Debug|Any CPU.ActiveCfg = Debug|Any CPU
		{DD4131F4-246F-44D3-A18F-D4BB00A7F620}.Debug|Any CPU.Build.0 = Debug|Any CPU
		{DD4131F4-246F-44D3-A18F-D4BB00A7F620}.Release|Any CPU.ActiveCfg = Release|Any CPU
		{DD4131F4-246F-44D3-A18F-D4BB00A7F620}.Release|Any CPU.Build.0 = Release|Any CPU
		{CD70A024-5B31-442B-84FD-C61558363AE4}.Debug|Any CPU.ActiveCfg = Debug|Any CPU
		{CD70A024-5B31-442B-84FD-C61558363AE4}.Debug|Any CPU.Build.0 = Debug|Any CPU
		{CD70A024-5B31-442B-84FD-C61558363AE4}.Release|Any CPU.ActiveCfg = Release|Any CPU
		{CD70A024-5B31-442B-84FD-C61558363AE4}.Release|Any CPU.Build.0 = Release|Any CPU
		{08840840-DF2D-4FAB-BCED-8B7C81097585}.Debug|Any CPU.ActiveCfg = Debug|Any CPU
		{08840840-DF2D-4FAB-BCED-8B7C81097585}.Debug|Any CPU.Build.0 = Debug|Any CPU
		{08840840-DF2D-4FAB-BCED-8B7C81097585}.Release|Any CPU.ActiveCfg = Release|Any CPU
		{08840840-DF2D-4FAB-BCED-8B7C81097585}.Release|Any CPU.Build.0 = Release|Any CPU
		{037266A1-C281-420D-93AA-4C30542762E0}.Debug|Any CPU.ActiveCfg = Debug|Any CPU
		{037266A1-C281-420D-93AA-4C30542762E0}.Debug|Any CPU.Build.0 = Debug|Any CPU
		{037266A1-C281-420D-93AA-4C30542762E0}.Release|Any CPU.ActiveCfg = Release|Any CPU
		{037266A1-C281-420D-93AA-4C30542762E0}.Release|Any CPU.Build.0 = Release|Any CPU
		{63DC9F30-C87E-4320-871A-BB65A1F8A78F}.Debug|Any CPU.ActiveCfg = Debug|Any CPU
		{63DC9F30-C87E-4320-871A-BB65A1F8A78F}.Debug|Any CPU.Build.0 = Debug|Any CPU
		{63DC9F30-C87E-4320-871A-BB65A1F8A78F}.Release|Any CPU.ActiveCfg = Release|Any CPU
		{63DC9F30-C87E-4320-871A-BB65A1F8A78F}.Release|Any CPU.Build.0 = Release|Any CPU
		{D1E88766-6A17-45B0-8A3C-B0E08D48FABA}.Debug|Any CPU.ActiveCfg = Debug|Any CPU
		{D1E88766-6A17-45B0-8A3C-B0E08D48FABA}.Debug|Any CPU.Build.0 = Debug|Any CPU
		{D1E88766-6A17-45B0-8A3C-B0E08D48FABA}.Release|Any CPU.ActiveCfg = Release|Any CPU
		{D1E88766-6A17-45B0-8A3C-B0E08D48FABA}.Release|Any CPU.Build.0 = Release|Any CPU
		{45D0DF87-03E1-4148-93E1-2D0E75B63501}.Debug|Any CPU.ActiveCfg = Debug|Any CPU
		{45D0DF87-03E1-4148-93E1-2D0E75B63501}.Debug|Any CPU.Build.0 = Debug|Any CPU
		{45D0DF87-03E1-4148-93E1-2D0E75B63501}.Release|Any CPU.ActiveCfg = Release|Any CPU
		{45D0DF87-03E1-4148-93E1-2D0E75B63501}.Release|Any CPU.Build.0 = Release|Any CPU
		{789DE875-21AB-46BF-90CD-6C613B1EDA5B}.Debug|Any CPU.ActiveCfg = Debug|Any CPU
		{789DE875-21AB-46BF-90CD-6C613B1EDA5B}.Debug|Any CPU.Build.0 = Debug|Any CPU
		{789DE875-21AB-46BF-90CD-6C613B1EDA5B}.Release|Any CPU.ActiveCfg = Release|Any CPU
		{789DE875-21AB-46BF-90CD-6C613B1EDA5B}.Release|Any CPU.Build.0 = Release|Any CPU
		{ED68F4EE-7B3B-4929-9FCF-8F7AC9455812}.Debug|Any CPU.ActiveCfg = Debug|Any CPU
		{ED68F4EE-7B3B-4929-9FCF-8F7AC9455812}.Debug|Any CPU.Build.0 = Debug|Any CPU
		{ED68F4EE-7B3B-4929-9FCF-8F7AC9455812}.Release|Any CPU.ActiveCfg = Release|Any CPU
		{ED68F4EE-7B3B-4929-9FCF-8F7AC9455812}.Release|Any CPU.Build.0 = Release|Any CPU
		{5E16752C-9F5A-4D64-B80E-8D47410D2F89}.Debug|Any CPU.ActiveCfg = Debug|Any CPU
		{5E16752C-9F5A-4D64-B80E-8D47410D2F89}.Debug|Any CPU.Build.0 = Debug|Any CPU
		{5E16752C-9F5A-4D64-B80E-8D47410D2F89}.Release|Any CPU.ActiveCfg = Release|Any CPU
		{5E16752C-9F5A-4D64-B80E-8D47410D2F89}.Release|Any CPU.Build.0 = Release|Any CPU
		{35CACF51-13B6-4EAD-8C59-B5C68B0D7E49}.Debug|Any CPU.ActiveCfg = Debug|Any CPU
		{35CACF51-13B6-4EAD-8C59-B5C68B0D7E49}.Debug|Any CPU.Build.0 = Debug|Any CPU
		{35CACF51-13B6-4EAD-8C59-B5C68B0D7E49}.Release|Any CPU.ActiveCfg = Release|Any CPU
		{35CACF51-13B6-4EAD-8C59-B5C68B0D7E49}.Release|Any CPU.Build.0 = Release|Any CPU
		{E6DDE703-26D4-4E40-8206-AAC590B45681}.Debug|Any CPU.ActiveCfg = Debug|Any CPU
		{E6DDE703-26D4-4E40-8206-AAC590B45681}.Debug|Any CPU.Build.0 = Debug|Any CPU
		{E6DDE703-26D4-4E40-8206-AAC590B45681}.Release|Any CPU.ActiveCfg = Release|Any CPU
		{E6DDE703-26D4-4E40-8206-AAC590B45681}.Release|Any CPU.Build.0 = Release|Any CPU
		{FD3F2716-C664-40E2-B5CF-F4C0CB5D4AF2}.Debug|Any CPU.ActiveCfg = Debug|Any CPU
		{FD3F2716-C664-40E2-B5CF-F4C0CB5D4AF2}.Debug|Any CPU.Build.0 = Debug|Any CPU
		{FD3F2716-C664-40E2-B5CF-F4C0CB5D4AF2}.Release|Any CPU.ActiveCfg = Release|Any CPU
		{FD3F2716-C664-40E2-B5CF-F4C0CB5D4AF2}.Release|Any CPU.Build.0 = Release|Any CPU
		{FD2A6EE6-BE52-47CC-89B5-03B78E8E4BE0}.Debug|Any CPU.ActiveCfg = Debug|Any CPU
		{FD2A6EE6-BE52-47CC-89B5-03B78E8E4BE0}.Debug|Any CPU.Build.0 = Debug|Any CPU
		{FD2A6EE6-BE52-47CC-89B5-03B78E8E4BE0}.Release|Any CPU.ActiveCfg = Release|Any CPU
		{FD2A6EE6-BE52-47CC-89B5-03B78E8E4BE0}.Release|Any CPU.Build.0 = Release|Any CPU
		{96A389EC-8F40-439C-92E3-0165C1F88FAE}.Debug|Any CPU.ActiveCfg = Debug|Any CPU
		{96A389EC-8F40-439C-92E3-0165C1F88FAE}.Debug|Any CPU.Build.0 = Debug|Any CPU
		{96A389EC-8F40-439C-92E3-0165C1F88FAE}.Release|Any CPU.ActiveCfg = Release|Any CPU
		{96A389EC-8F40-439C-92E3-0165C1F88FAE}.Release|Any CPU.Build.0 = Release|Any CPU
		{1D089603-24D5-4EC7-B15B-6266CD47FE2A}.Debug|Any CPU.ActiveCfg = Debug|Any CPU
		{1D089603-24D5-4EC7-B15B-6266CD47FE2A}.Debug|Any CPU.Build.0 = Debug|Any CPU
		{1D089603-24D5-4EC7-B15B-6266CD47FE2A}.Release|Any CPU.ActiveCfg = Release|Any CPU
		{1D089603-24D5-4EC7-B15B-6266CD47FE2A}.Release|Any CPU.Build.0 = Release|Any CPU
		{09ED6488-80F1-4F6E-BC2C-ECA10F93268B}.Debug|Any CPU.ActiveCfg = Debug|Any CPU
		{09ED6488-80F1-4F6E-BC2C-ECA10F93268B}.Debug|Any CPU.Build.0 = Debug|Any CPU
		{09ED6488-80F1-4F6E-BC2C-ECA10F93268B}.Release|Any CPU.ActiveCfg = Release|Any CPU
		{09ED6488-80F1-4F6E-BC2C-ECA10F93268B}.Release|Any CPU.Build.0 = Release|Any CPU
		{2AD4235A-115D-4AEE-AADA-2C8C9FA5C310}.Debug|Any CPU.ActiveCfg = Debug|Any CPU
		{2AD4235A-115D-4AEE-AADA-2C8C9FA5C310}.Debug|Any CPU.Build.0 = Debug|Any CPU
		{2AD4235A-115D-4AEE-AADA-2C8C9FA5C310}.Release|Any CPU.ActiveCfg = Release|Any CPU
		{2AD4235A-115D-4AEE-AADA-2C8C9FA5C310}.Release|Any CPU.Build.0 = Release|Any CPU
		{B794BA88-CC56-48F7-8D53-9E30C648131C}.Debug|Any CPU.ActiveCfg = Debug|Any CPU
		{B794BA88-CC56-48F7-8D53-9E30C648131C}.Debug|Any CPU.Build.0 = Debug|Any CPU
		{B794BA88-CC56-48F7-8D53-9E30C648131C}.Release|Any CPU.ActiveCfg = Release|Any CPU
		{B794BA88-CC56-48F7-8D53-9E30C648131C}.Release|Any CPU.Build.0 = Release|Any CPU
		{4901CB00-22DB-4404-9CF4-8728491490E5}.Debug|Any CPU.ActiveCfg = Debug|Any CPU
		{4901CB00-22DB-4404-9CF4-8728491490E5}.Debug|Any CPU.Build.0 = Debug|Any CPU
		{4901CB00-22DB-4404-9CF4-8728491490E5}.Release|Any CPU.ActiveCfg = Release|Any CPU
		{4901CB00-22DB-4404-9CF4-8728491490E5}.Release|Any CPU.Build.0 = Release|Any CPU
		{B14CEBF3-F021-4DAB-8D0A-4FB78BC872AC}.Debug|Any CPU.ActiveCfg = Debug|Any CPU
		{B14CEBF3-F021-4DAB-8D0A-4FB78BC872AC}.Debug|Any CPU.Build.0 = Debug|Any CPU
		{B14CEBF3-F021-4DAB-8D0A-4FB78BC872AC}.Release|Any CPU.ActiveCfg = Release|Any CPU
		{B14CEBF3-F021-4DAB-8D0A-4FB78BC872AC}.Release|Any CPU.Build.0 = Release|Any CPU
		{D0402F50-9EF2-4C39-88B4-6FC13BCE60B2}.Debug|Any CPU.ActiveCfg = Debug|Any CPU
		{D0402F50-9EF2-4C39-88B4-6FC13BCE60B2}.Debug|Any CPU.Build.0 = Debug|Any CPU
		{D0402F50-9EF2-4C39-88B4-6FC13BCE60B2}.Release|Any CPU.ActiveCfg = Release|Any CPU
		{D0402F50-9EF2-4C39-88B4-6FC13BCE60B2}.Release|Any CPU.Build.0 = Release|Any CPU
		{2E293118-882D-4014-8DC3-012694359F99}.Debug|Any CPU.ActiveCfg = Debug|Any CPU
		{2E293118-882D-4014-8DC3-012694359F99}.Debug|Any CPU.Build.0 = Debug|Any CPU
		{2E293118-882D-4014-8DC3-012694359F99}.Release|Any CPU.ActiveCfg = Release|Any CPU
		{2E293118-882D-4014-8DC3-012694359F99}.Release|Any CPU.Build.0 = Release|Any CPU
		{5F647793-C67C-41E3-92C7-8932592586FC}.Debug|Any CPU.ActiveCfg = Debug|Any CPU
		{5F647793-C67C-41E3-92C7-8932592586FC}.Debug|Any CPU.Build.0 = Debug|Any CPU
		{5F647793-C67C-41E3-92C7-8932592586FC}.Release|Any CPU.ActiveCfg = Release|Any CPU
		{5F647793-C67C-41E3-92C7-8932592586FC}.Release|Any CPU.Build.0 = Release|Any CPU
		{C33BAE75-3A87-4C12-AC11-2ACE861BB085}.Debug|Any CPU.ActiveCfg = Debug|Any CPU
		{C33BAE75-3A87-4C12-AC11-2ACE861BB085}.Debug|Any CPU.Build.0 = Debug|Any CPU
		{C33BAE75-3A87-4C12-AC11-2ACE861BB085}.Release|Any CPU.ActiveCfg = Release|Any CPU
		{C33BAE75-3A87-4C12-AC11-2ACE861BB085}.Release|Any CPU.Build.0 = Release|Any CPU
		{99539F62-CB93-46F9-8133-5FBFA1433116}.Debug|Any CPU.ActiveCfg = Debug|Any CPU
		{99539F62-CB93-46F9-8133-5FBFA1433116}.Debug|Any CPU.Build.0 = Debug|Any CPU
		{99539F62-CB93-46F9-8133-5FBFA1433116}.Release|Any CPU.ActiveCfg = Release|Any CPU
		{99539F62-CB93-46F9-8133-5FBFA1433116}.Release|Any CPU.Build.0 = Release|Any CPU
	EndGlobalSection
	GlobalSection(SolutionProperties) = preSolution
		HideSolutionNode = FALSE
	EndGlobalSection
	GlobalSection(ExtensibilityGlobals) = postSolution
		SolutionGuid = {1BEBE354-D165-4CD3-8CDE-9C6791553E09}
	EndGlobalSection
EndGlobal
