
Microsoft Visual Studio Solution File, Format Version 12.00
# Visual Studio Version 17
VisualStudioVersion = 17.2.32630.192
MinimumVisualStudioVersion = 10.0.40219.1
Project("{9A19103F-16F7-4668-BE54-9A1E7A4F7556}") = "R5T.O0027.Construction", "R5T.O0027.Construction\R5T.O0027.Construction.csproj", "{CA4DDB83-AD77-442E-8344-37A107178A1A}"
EndProject
Project("{9A19103F-16F7-4668-BE54-9A1E7A4F7556}") = "R5T.O0027", "R5T.O0027\R5T.O0027.csproj", "{5821A281-C905-4A97-B5C2-FCE5E001CFAB}"
EndProject
Project("{2150E333-8FDC-42A3-9474-1A3956D46DE8}") = "_Dependencies", "_Dependencies", "{A6B6877C-6C59-43D3-95F1-3261B17C51C5}"
EndProject
Project("{9A19103F-16F7-4668-BE54-9A1E7A4F7556}") = "R5T.F0000", "..\..\R5T.F0000\source\R5T.F0000\R5T.F0000.csproj", "{A5623C92-3CB5-4E9D-9DAF-DE7D7D970704}"
EndProject
Project("{9A19103F-16F7-4668-BE54-9A1E7A4F7556}") = "R5T.F0002", "..\..\R5T.F0002\source\R5T.F0002\R5T.F0002.csproj", "{FFAFA3F8-8C6B-4200-A6E8-F5D1768661BF}"
EndProject
Project("{9A19103F-16F7-4668-BE54-9A1E7A4F7556}") = "R5T.F0016.F001", "..\..\R5T.F0016\source\R5T.F0016.F001\R5T.F0016.F001.csproj", "{A050F9C3-AC6F-493F-A80C-29D424BCF9D7}"
EndProject
Project("{9A19103F-16F7-4668-BE54-9A1E7A4F7556}") = "R5T.F0016", "..\..\R5T.F0016\source\R5T.F0016\R5T.F0016.csproj", "{6E3F1E11-1667-4AC5-BF0E-8043088564E4}"
EndProject
Project("{9A19103F-16F7-4668-BE54-9A1E7A4F7556}") = "R5T.F0019", "..\..\R5T.F0019\source\R5T.F0019\R5T.F0019.csproj", "{E1181712-BC5F-4F93-B233-ED96CE262E11}"
EndProject
Project("{9A19103F-16F7-4668-BE54-9A1E7A4F7556}") = "R5T.F0020", "..\..\R5T.F0020\source\R5T.F0020\R5T.F0020.csproj", "{903C1D88-A228-4C45-BCAF-4B50E1CA2CE4}"
EndProject
Project("{9A19103F-16F7-4668-BE54-9A1E7A4F7556}") = "R5T.F0032", "..\..\R5T.F0032\source\R5T.F0032\R5T.F0032.csproj", "{FD18A318-0E16-4B4F-9DE7-6AED075A0D28}"
EndProject
Project("{9A19103F-16F7-4668-BE54-9A1E7A4F7556}") = "R5T.F0040.F000", "..\..\R5T.F0040\source\R5T.F0040.F000\R5T.F0040.F000.csproj", "{6A0E3330-A8AD-4E05-A160-84AD9C09CBB1}"
EndProject
Project("{9A19103F-16F7-4668-BE54-9A1E7A4F7556}") = "R5T.F0041", "..\..\R5T.F0041\source\R5T.F0041\R5T.F0041.csproj", "{4EDBEEF9-FA2E-430C-BB38-6C4438588FC5}"
EndProject
Project("{9A19103F-16F7-4668-BE54-9A1E7A4F7556}") = "R5T.F0044", "..\..\R5T.F0044\source\R5T.F0044\R5T.F0044.csproj", "{3792E5D1-281D-4F96-BD57-0F99D363122F}"
EndProject
Project("{9A19103F-16F7-4668-BE54-9A1E7A4F7556}") = "R5T.F0046", "..\..\R5T.F0046\source\R5T.F0046\R5T.F0046.csproj", "{4F5E1B8D-3DA3-4022-B605-008EB9D2C964}"
EndProject
Project("{9A19103F-16F7-4668-BE54-9A1E7A4F7556}") = "R5T.F0047", "..\..\R5T.F0047\source\R5T.F0047\R5T.F0047.csproj", "{D7D98CF0-C34D-4CD6-B3EA-87C9A17B4C69}"
EndProject
Project("{9A19103F-16F7-4668-BE54-9A1E7A4F7556}") = "R5T.F0057", "..\..\R5T.F0057\source\R5T.F0057\R5T.F0057.csproj", "{DDF4176A-FFD8-40BE-A346-C47971ED6F17}"
EndProject
Project("{9A19103F-16F7-4668-BE54-9A1E7A4F7556}") = "R5T.F0120", "..\..\R5T.F0120\source\R5T.F0120\R5T.F0120.csproj", "{146DFF2F-FB1F-4003-B7ED-18493F5B7ACF}"
EndProject
Project("{9A19103F-16F7-4668-BE54-9A1E7A4F7556}") = "R5T.F0124", "..\..\R5T.F0124\source\R5T.F0124\R5T.F0124.csproj", "{439B8EB7-5CC0-4861-9E90-6ED3589B9298}"
EndProject
Project("{9A19103F-16F7-4668-BE54-9A1E7A4F7556}") = "R5T.F0125", "..\..\R5T.F0125\source\R5T.F0125\R5T.F0125.csproj", "{28C08D5A-D6AD-4FD9-94C4-C93E5D12E76B}"
EndProject
Project("{9A19103F-16F7-4668-BE54-9A1E7A4F7556}") = "R5T.F0129", "..\..\R5T.F0129\source\R5T.F0129\R5T.F0129.csproj", "{009EE123-6E44-4770-8B5A-4C8303F52664}"
EndProject
Project("{9A19103F-16F7-4668-BE54-9A1E7A4F7556}") = "R5T.F0130", "..\..\R5T.F0130\source\R5T.F0130\R5T.F0130.csproj", "{2D8C5C6B-0C91-4C6F-9DB8-83C21DC8F57A}"
EndProject
Project("{9A19103F-16F7-4668-BE54-9A1E7A4F7556}") = "R5T.L0001.Y000", "..\..\R5T.L0001\source\R5T.L0001.Y000\R5T.L0001.Y000.csproj", "{14A566CC-7E52-42F8-B863-60B09B894144}"
EndProject
Project("{9A19103F-16F7-4668-BE54-9A1E7A4F7556}") = "R5T.L0001.Z000", "..\..\R5T.L0001\source\R5T.L0001.Z000\R5T.L0001.Z000.csproj", "{40785B58-01BC-4E02-9639-30E49923853E}"
EndProject
Project("{9A19103F-16F7-4668-BE54-9A1E7A4F7556}") = "R5T.L0001", "..\..\R5T.L0001\source\R5T.L0001\R5T.L0001.csproj", "{AAE000EC-D727-4DA6-85A6-03089D61AEDE}"
EndProject
Project("{9A19103F-16F7-4668-BE54-9A1E7A4F7556}") = "R5T.L0030.T000", "..\..\R5T.L0030\source\R5T.L0030.T000\R5T.L0030.T000.csproj", "{3B12B43A-C2F1-4BEA-8D47-5AE36E0A90AE}"
EndProject
Project("{9A19103F-16F7-4668-BE54-9A1E7A4F7556}") = "R5T.L0030", "..\..\R5T.L0030\source\R5T.L0030\R5T.L0030.csproj", "{30212B29-79C2-42EF-8C81-7EAF965D31F4}"
EndProject
Project("{9A19103F-16F7-4668-BE54-9A1E7A4F7556}") = "R5T.L0031.T000", "..\..\R5T.L0031\source\R5T.L0031.T000\R5T.L0031.T000.csproj", "{A9090814-ABEB-4BCC-8D2D-84719ACEF7F2}"
EndProject
Project("{9A19103F-16F7-4668-BE54-9A1E7A4F7556}") = "R5T.L0031", "..\..\R5T.L0031\source\R5T.L0031\R5T.L0031.csproj", "{6171CBEA-9A7C-41B9-AA51-AAD79D817ED3}"
EndProject
Project("{9A19103F-16F7-4668-BE54-9A1E7A4F7556}") = "R5T.L0032.F000", "..\..\R5T.L0032\source\R5T.L0032.F000\R5T.L0032.F000.csproj", "{963B5326-02B9-4DEE-97F4-E21158EB4D0C}"
EndProject
Project("{9A19103F-16F7-4668-BE54-9A1E7A4F7556}") = "R5T.L0032.T000", "..\..\R5T.L0032\source\R5T.L0032.T000\R5T.L0032.T000.csproj", "{4D251991-1179-4874-996B-612E0F5BF799}"
EndProject
Project("{9A19103F-16F7-4668-BE54-9A1E7A4F7556}") = "R5T.L0032.Z000", "..\..\R5T.L0032\source\R5T.L0032.Z000\R5T.L0032.Z000.csproj", "{71BC2096-D585-4C8F-9F43-28F27AE8B27F}"
EndProject
Project("{9A19103F-16F7-4668-BE54-9A1E7A4F7556}") = "R5T.L0032", "..\..\R5T.L0032\source\R5T.L0032\R5T.L0032.csproj", "{8E4C7DED-E901-4411-BF3C-180241340320}"
EndProject
Project("{9A19103F-16F7-4668-BE54-9A1E7A4F7556}") = "R5T.L0033.Z001", "..\..\R5T.L0033\source\R5T.L0033.Z001\R5T.L0033.Z001.csproj", "{8D8E699A-5E58-45A7-B8B9-C42590C6F326}"
EndProject
Project("{9A19103F-16F7-4668-BE54-9A1E7A4F7556}") = "R5T.L0034", "..\..\R5T.L0034\source\R5T.L0034\R5T.L0034.csproj", "{D5103C31-5712-4351-B21A-FE05200EC6AC}"
EndProject
Project("{9A19103F-16F7-4668-BE54-9A1E7A4F7556}") = "R5T.L0035", "..\..\R5T.L0035\source\R5T.L0035\R5T.L0035.csproj", "{96FBD357-E4E6-4057-BF33-E4E8A2E967A8}"
EndProject
Project("{9A19103F-16F7-4668-BE54-9A1E7A4F7556}") = "R5T.L0036.T000", "..\..\R5T.L0036\source\R5T.L0036.T000\R5T.L0036.T000.csproj", "{5B1C1CE3-E77E-40C1-B6C6-E34B0EDBA0D0}"
EndProject
Project("{9A19103F-16F7-4668-BE54-9A1E7A4F7556}") = "R5T.L0036", "..\..\R5T.L0036\source\R5T.L0036\R5T.L0036.csproj", "{649FCC91-BD5E-4D3C-BCBC-5145E2C32A3E}"
EndProject
Project("{9A19103F-16F7-4668-BE54-9A1E7A4F7556}") = "R5T.NG0005", "..\..\R5T.NG0005\source\R5T.NG0005\R5T.NG0005.csproj", "{C45489CA-2468-47FF-8ADA-645A2ED1F2C6}"
EndProject
Project("{9A19103F-16F7-4668-BE54-9A1E7A4F7556}") = "R5T.NG0006", "..\..\R5T.NG0006\source\R5T.NG0006\R5T.NG0006.csproj", "{EF167FA6-237F-4D48-9995-BCB16D8FB7C7}"
EndProject
Project("{9A19103F-16F7-4668-BE54-9A1E7A4F7556}") = "R5T.NG0008", "..\..\R5T.NG0008\source\R5T.NG0008\R5T.NG0008.csproj", "{6DC2C604-EC0D-4B9E-9BD8-BE3D17258A4D}"
EndProject
Project("{9A19103F-16F7-4668-BE54-9A1E7A4F7556}") = "R5T.NG0022", "..\..\R5T.NG0022\source\R5T.NG0022\R5T.NG0022.csproj", "{2D01B9E8-828D-4A5C-8694-800D5C80AE46}"
EndProject
Project("{9A19103F-16F7-4668-BE54-9A1E7A4F7556}") = "R5T.O0006", "..\..\R5T.O0006\source\R5T.O0006\R5T.O0006.csproj", "{FF51251C-C130-4784-B738-9B4FD00514E2}"
EndProject
Project("{9A19103F-16F7-4668-BE54-9A1E7A4F7556}") = "R5T.O0017", "..\..\R5T.O0017\source\R5T.O0017\R5T.O0017.csproj", "{F348F6A3-240C-4F1C-AB21-FA000E14AA4B}"
EndProject
Project("{9A19103F-16F7-4668-BE54-9A1E7A4F7556}") = "R5T.O0023", "..\..\R5T.O0023\source\R5T.O0023\R5T.O0023.csproj", "{1870E2FC-1C87-41F6-9400-E44405503768}"
EndProject
Project("{9A19103F-16F7-4668-BE54-9A1E7A4F7556}") = "R5T.O0025.O000", "..\..\R5T.O0025\source\R5T.O0025.O000\R5T.O0025.O000.csproj", "{462CDA9B-7B2F-4151-85AA-A7E54F481994}"
EndProject
Project("{9A19103F-16F7-4668-BE54-9A1E7A4F7556}") = "R5T.O0025.O001", "..\..\R5T.O0025\source\R5T.O0025.O001\R5T.O0025.O001.csproj", "{D96D7AB2-050C-49C5-89FD-8372452536B8}"
EndProject
Project("{9A19103F-16F7-4668-BE54-9A1E7A4F7556}") = "R5T.O0025.O002", "..\..\R5T.O0025\source\R5T.O0025.O002\R5T.O0025.O002.csproj", "{592CA37D-133F-474B-A0B1-1A932BA03C7A}"
EndProject
Project("{9A19103F-16F7-4668-BE54-9A1E7A4F7556}") = "R5T.O0025.O003", "..\..\R5T.O0025\source\R5T.O0025.O003\R5T.O0025.O003.csproj", "{E0192FD3-5CAB-46BD-83B2-7EB80DD7C505}"
EndProject
Project("{9A19103F-16F7-4668-BE54-9A1E7A4F7556}") = "R5T.O0025", "..\..\R5T.O0025\source\R5T.O0025\R5T.O0025.csproj", "{47BE127A-124A-46F2-92FC-2C1B669457A9}"
EndProject
Project("{9A19103F-16F7-4668-BE54-9A1E7A4F7556}") = "R5T.O0026.O001", "..\..\R5T.O0026\source\R5T.O0026.O001\R5T.O0026.O001.csproj", "{0880C59D-0FD8-4F83-88B8-B84547023C72}"
EndProject
Project("{9A19103F-16F7-4668-BE54-9A1E7A4F7556}") = "R5T.O0026.O002", "..\..\R5T.O0026\source\R5T.O0026.O002\R5T.O0026.O002.csproj", "{D57A2581-BA41-423C-9CDF-0E77041BC4FA}"
EndProject
Project("{9A19103F-16F7-4668-BE54-9A1E7A4F7556}") = "R5T.O0026", "..\..\R5T.O0026\source\R5T.O0026\R5T.O0026.csproj", "{EB873DC8-DAC4-4DC3-9142-10497840A04A}"
EndProject
Project("{9A19103F-16F7-4668-BE54-9A1E7A4F7556}") = "R5T.T0046", "..\..\R5T.T0046\source\R5T.T0046\R5T.T0046.csproj", "{683910A0-DC94-43A0-A85B-9EA7CFD7AB21}"
EndProject
Project("{9A19103F-16F7-4668-BE54-9A1E7A4F7556}") = "R5T.T0131", "..\..\R5T.T0131\source\R5T.T0131\R5T.T0131.csproj", "{A76E4896-C464-4B41-A265-10C3FFA52412}"
EndProject
Project("{9A19103F-16F7-4668-BE54-9A1E7A4F7556}") = "R5T.T0132", "..\..\R5T.T0132\source\R5T.T0132\R5T.T0132.csproj", "{8F896AA0-C51A-482A-8319-AE92A50E62B3}"
EndProject
Project("{9A19103F-16F7-4668-BE54-9A1E7A4F7556}") = "R5T.T0137", "..\..\R5T.T0137\source\R5T.T0137\R5T.T0137.csproj", "{B1CBC701-347B-48B1-A921-AAE3C8864729}"
EndProject
Project("{9A19103F-16F7-4668-BE54-9A1E7A4F7556}") = "R5T.T0142", "..\..\R5T.T0142\source\R5T.T0142\R5T.T0142.csproj", "{9E3F7543-D5DF-4686-BF5E-C20B6E9B68CA}"
EndProject
Project("{9A19103F-16F7-4668-BE54-9A1E7A4F7556}") = "R5T.T0143", "..\..\R5T.T0143\source\R5T.T0143\R5T.T0143.csproj", "{1D101235-A2FA-4DB1-B9AE-5AB6496B6A89}"
EndProject
Project("{9A19103F-16F7-4668-BE54-9A1E7A4F7556}") = "R5T.T0144", "..\..\R5T.T0144\source\R5T.T0144\R5T.T0144.csproj", "{E11CF5B7-FC43-4F9B-9EEE-588F2274975A}"
EndProject
Project("{9A19103F-16F7-4668-BE54-9A1E7A4F7556}") = "R5T.T0150", "..\..\R5T.T0150\source\R5T.T0150\R5T.T0150.csproj", "{B83152E4-B504-42C5-BC09-B477166BFA06}"
EndProject
Project("{9A19103F-16F7-4668-BE54-9A1E7A4F7556}") = "R5T.T0151", "..\..\R5T.T0151\source\R5T.T0151\R5T.T0151.csproj", "{BA6C7FBF-8E82-46F4-86A8-280DC271DF19}"
EndProject
Project("{9A19103F-16F7-4668-BE54-9A1E7A4F7556}") = "R5T.T0152", "..\..\R5T.T0152\source\R5T.T0152\R5T.T0152.csproj", "{50569040-A4E2-4782-BDCB-CEA033398A41}"
EndProject
Project("{9A19103F-16F7-4668-BE54-9A1E7A4F7556}") = "R5T.T0156", "..\..\R5T.T0156\source\R5T.T0156\R5T.T0156.csproj", "{95C4CB27-E34A-4883-B637-AA4861A94522}"
EndProject
Project("{9A19103F-16F7-4668-BE54-9A1E7A4F7556}") = "R5T.T0158", "..\..\R5T.T0158\source\R5T.T0158\R5T.T0158.csproj", "{29916161-F5AD-48DD-8C68-2D5496C0203C}"
EndProject
Project("{9A19103F-16F7-4668-BE54-9A1E7A4F7556}") = "R5T.T0159", "..\..\R5T.T0159\source\R5T.T0159\R5T.T0159.csproj", "{6CF22F76-3C58-4703-A4FA-40D1B19CB07C}"
EndProject
Project("{9A19103F-16F7-4668-BE54-9A1E7A4F7556}") = "R5T.T0162", "..\..\R5T.T0162\source\R5T.T0162\R5T.T0162.csproj", "{A4CE4D6E-62F8-4CF4-A9F3-1BF33AE53942}"
EndProject
Project("{9A19103F-16F7-4668-BE54-9A1E7A4F7556}") = "R5T.T0172", "..\..\R5T.T0172\source\R5T.T0172\R5T.T0172.csproj", "{4A13A906-9788-4E4F-A406-5EEF56BCC038}"
EndProject
Project("{9A19103F-16F7-4668-BE54-9A1E7A4F7556}") = "R5T.T0174", "..\..\R5T.T0174\source\R5T.T0174\R5T.T0174.csproj", "{6FAD1ED7-5A86-4281-846F-EAB53C5058F5}"
EndProject
Project("{9A19103F-16F7-4668-BE54-9A1E7A4F7556}") = "R5T.T0176", "..\..\R5T.T0176\source\R5T.T0176\R5T.T0176.csproj", "{18A1A0A2-48EB-44F7-BA94-8331CC75BED8}"
EndProject
Project("{9A19103F-16F7-4668-BE54-9A1E7A4F7556}") = "R5T.T0177", "..\..\R5T.T0177\source\R5T.T0177\R5T.T0177.csproj", "{AB05D19E-707E-4A89-8042-01CA2967C67D}"
EndProject
Project("{9A19103F-16F7-4668-BE54-9A1E7A4F7556}") = "R5T.T0178", "..\..\R5T.T0178\source\R5T.T0178\R5T.T0178.csproj", "{5F548DF6-5866-40FF-8276-65C8D09CF1C7}"
EndProject
Project("{9A19103F-16F7-4668-BE54-9A1E7A4F7556}") = "R5T.T0179", "..\..\R5T.T0179\source\R5T.T0179\R5T.T0179.csproj", "{155F94D2-FF09-4FC6-A737-03161EE5D8CA}"
EndProject
Project("{9A19103F-16F7-4668-BE54-9A1E7A4F7556}") = "R5T.T0180", "..\..\R5T.T0180\source\R5T.T0180\R5T.T0180.csproj", "{7DE057B7-888C-478F-A6BA-2587614BE468}"
EndProject
Project("{9A19103F-16F7-4668-BE54-9A1E7A4F7556}") = "R5T.T0181", "..\..\R5T.T0181\source\R5T.T0181\R5T.T0181.csproj", "{5AF240D7-AA43-445E-AF99-A7C7BD53F373}"
EndProject
Project("{9A19103F-16F7-4668-BE54-9A1E7A4F7556}") = "R5T.T0184", "..\..\R5T.T0184\source\R5T.T0184\R5T.T0184.csproj", "{E3967A3C-003E-406D-9E66-ADB7B8CC5ED3}"
EndProject
Project("{9A19103F-16F7-4668-BE54-9A1E7A4F7556}") = "R5T.T0185", "..\..\R5T.T0185\source\R5T.T0185\R5T.T0185.csproj", "{F6263106-801E-4F0F-9148-31F71DD18393}"
EndProject
Project("{9A19103F-16F7-4668-BE54-9A1E7A4F7556}") = "R5T.T0186", "..\..\R5T.T0186\source\R5T.T0186\R5T.T0186.csproj", "{012E8037-0A22-49DB-B469-BB2A357A9D6A}"
EndProject
Project("{9A19103F-16F7-4668-BE54-9A1E7A4F7556}") = "R5T.T0187", "..\..\R5T.T0187\source\R5T.T0187\R5T.T0187.csproj", "{C3FECC14-6D75-461B-8821-23F9F94F0FD5}"
EndProject
Project("{9A19103F-16F7-4668-BE54-9A1E7A4F7556}") = "R5T.T0198", "..\..\R5T.T0198\source\R5T.T0198\R5T.T0198.csproj", "{932ADBB3-C44E-43CC-B930-1CA624127F4D}"
EndProject
Project("{9A19103F-16F7-4668-BE54-9A1E7A4F7556}") = "R5T.T0200", "..\..\R5T.T0200\source\R5T.T0200\R5T.T0200.csproj", "{165BD8EA-3CFA-46BC-A3F1-0A95EEF4BD88}"
EndProject
Project("{9A19103F-16F7-4668-BE54-9A1E7A4F7556}") = "R5T.T0202", "..\..\R5T.T0202\source\R5T.T0202\R5T.T0202.csproj", "{AC2E0AA2-F130-4E95-80E7-81EBB94CDCF5}"
EndProject
Project("{9A19103F-16F7-4668-BE54-9A1E7A4F7556}") = "R5T.T0203", "..\..\R5T.T0203\source\R5T.T0203\R5T.T0203.csproj", "{86292C2D-603A-42E1-9C73-7058ECDAD5DF}"
EndProject
Project("{9A19103F-16F7-4668-BE54-9A1E7A4F7556}") = "R5T.T0205", "..\..\R5T.T0205\source\R5T.T0205\R5T.T0205.csproj", "{116D4862-D127-41AF-997D-76C0541E17C1}"
EndProject
Project("{9A19103F-16F7-4668-BE54-9A1E7A4F7556}") = "R5T.T0206", "..\..\R5T.T0206\source\R5T.T0206\R5T.T0206.csproj", "{DEE9AF56-CBEC-4501-8583-B871D4B3C7D0}"
EndProject
Project("{9A19103F-16F7-4668-BE54-9A1E7A4F7556}") = "R5T.T0208", "..\..\R5T.T0208\source\R5T.T0208\R5T.T0208.csproj", "{0368A007-58C4-4C52-9932-C7A955B3FA05}"
EndProject
Project("{9A19103F-16F7-4668-BE54-9A1E7A4F7556}") = "R5T.T0209", "..\..\R5T.T0209\source\R5T.T0209\R5T.T0209.csproj", "{A15FFB2C-5E61-4AD3-8C9E-4217F8B6843D}"
EndProject
Project("{9A19103F-16F7-4668-BE54-9A1E7A4F7556}") = "R5T.T0210", "..\..\R5T.T0210\source\R5T.T0210\R5T.T0210.csproj", "{0D1C512E-F499-4D97-901F-5941C70AE0AA}"
EndProject
Project("{9A19103F-16F7-4668-BE54-9A1E7A4F7556}") = "R5T.T0211", "..\..\R5T.T0211\source\R5T.T0211\R5T.T0211.csproj", "{571015B3-80C6-4C94-A174-93EE574073B4}"
EndProject
Project("{9A19103F-16F7-4668-BE54-9A1E7A4F7556}") = "R5T.T0212.F000", "..\..\R5T.T0212\source\R5T.T0212.F000\R5T.T0212.F000.csproj", "{ECDA1998-38A4-4A76-A136-9A46726DC9B8}"
EndProject
Project("{9A19103F-16F7-4668-BE54-9A1E7A4F7556}") = "R5T.T0212.Z000", "..\..\R5T.T0212\source\R5T.T0212.Z000\R5T.T0212.Z000.csproj", "{DC8BA4B2-5264-482E-B4B4-5719689B43E7}"
EndProject
Project("{9A19103F-16F7-4668-BE54-9A1E7A4F7556}") = "R5T.T0212", "..\..\R5T.T0212\source\R5T.T0212\R5T.T0212.csproj", "{EFF876DF-DE66-48D2-91EC-5F22D6FA5C62}"
EndProject
Project("{9A19103F-16F7-4668-BE54-9A1E7A4F7556}") = "R5T.T0213", "..\..\R5T.T0213\source\R5T.T0213\R5T.T0213.csproj", "{6BAA8D4F-E76C-46CA-BE91-DC267F3B7102}"
EndProject
Project("{9A19103F-16F7-4668-BE54-9A1E7A4F7556}") = "R5T.Y0000", "..\..\R5T.Y0000\source\R5T.Y0000\R5T.Y0000.csproj", "{451C098E-1457-45A2-8A1E-8C56C450BF9F}"
EndProject
Project("{9A19103F-16F7-4668-BE54-9A1E7A4F7556}") = "R5T.Y0004", "..\..\R5T.Y0004\source\R5T.Y0004\R5T.Y0004.csproj", "{D4B46F0B-D02C-45F8-B47B-260FA41C2AF5}"
EndProject
Project("{9A19103F-16F7-4668-BE54-9A1E7A4F7556}") = "R5T.Z0000", "..\..\R5T.Z0000\source\R5T.Z0000\R5T.Z0000.csproj", "{29B40A20-CBAF-47F3-915C-69BDB1A5ED85}"
EndProject
Project("{9A19103F-16F7-4668-BE54-9A1E7A4F7556}") = "R5T.Z0005", "..\..\R5T.Z0005\source\R5T.Z0005\R5T.Z0005.csproj", "{834991D3-47BD-40D4-A40C-74F5F671E1F1}"
EndProject
Project("{9A19103F-16F7-4668-BE54-9A1E7A4F7556}") = "R5T.Z0013", "..\..\R5T.Z0013\source\R5T.Z0013\R5T.Z0013.csproj", "{5521F0C8-CDBC-443D-ACEC-BACC36AAECAB}"
EndProject
Project("{9A19103F-16F7-4668-BE54-9A1E7A4F7556}") = "R5T.Z0044.Z001", "..\..\R5T.Z0044\source\R5T.Z0044.Z001\R5T.Z0044.Z001.csproj", "{CB61C3C6-CD74-46AF-9AC5-4B9E73ED9E04}"
EndProject
Project("{9A19103F-16F7-4668-BE54-9A1E7A4F7556}") = "R5T.Z0048", "..\..\R5T.Z0048\source\R5T.Z0048\R5T.Z0048.csproj", "{E474D778-AF5E-4B6B-981B-717283740FB0}"
EndProject
Project("{9A19103F-16F7-4668-BE54-9A1E7A4F7556}") = "R5T.F0040", "..\..\R5T.F0040\source\R5T.F0040\R5T.F0040.csproj", "{DE1D096D-2077-41F3-9811-066686CF81DD}"
EndProject
Project("{9A19103F-16F7-4668-BE54-9A1E7A4F7556}") = "R5T.O0026.O003", "..\..\R5T.O0026\source\R5T.O0026.O003\R5T.O0026.O003.csproj", "{433BDD0B-7093-45A0-A790-D00AB137DF30}"
EndProject
Project("{9A19103F-16F7-4668-BE54-9A1E7A4F7556}") = "R5T.Z0012", "..\..\R5T.Z0012\source\R5T.Z0012\R5T.Z0012.csproj", "{073DBE8D-9159-41F8-9820-BB86CB1A9BCE}"
EndProject
Project("{9A19103F-16F7-4668-BE54-9A1E7A4F7556}") = "R5T.T0211.F000", "..\..\R5T.T0211\source\R5T.T0211.F000\R5T.T0211.F000.csproj", "{CAA5E9BF-E329-4E8B-ADE4-94A8842024C3}"
EndProject
Project("{9A19103F-16F7-4668-BE54-9A1E7A4F7556}") = "R5T.T0211.Z000", "..\..\R5T.T0211\source\R5T.T0211.Z000\R5T.T0211.Z000.csproj", "{99BF93EB-2ADC-49C1-AC3C-A52EC43C6B32}"
EndProject
Global
	GlobalSection(NestedProjects) = preSolution
		{A5623C92-3CB5-4E9D-9DAF-DE7D7D970704} = {A6B6877C-6C59-43D3-95F1-3261B17C51C5}
		{FFAFA3F8-8C6B-4200-A6E8-F5D1768661BF} = {A6B6877C-6C59-43D3-95F1-3261B17C51C5}
		{A050F9C3-AC6F-493F-A80C-29D424BCF9D7} = {A6B6877C-6C59-43D3-95F1-3261B17C51C5}
		{6E3F1E11-1667-4AC5-BF0E-8043088564E4} = {A6B6877C-6C59-43D3-95F1-3261B17C51C5}
		{E1181712-BC5F-4F93-B233-ED96CE262E11} = {A6B6877C-6C59-43D3-95F1-3261B17C51C5}
		{903C1D88-A228-4C45-BCAF-4B50E1CA2CE4} = {A6B6877C-6C59-43D3-95F1-3261B17C51C5}
		{FD18A318-0E16-4B4F-9DE7-6AED075A0D28} = {A6B6877C-6C59-43D3-95F1-3261B17C51C5}
		{6A0E3330-A8AD-4E05-A160-84AD9C09CBB1} = {A6B6877C-6C59-43D3-95F1-3261B17C51C5}
		{4EDBEEF9-FA2E-430C-BB38-6C4438588FC5} = {A6B6877C-6C59-43D3-95F1-3261B17C51C5}
		{3792E5D1-281D-4F96-BD57-0F99D363122F} = {A6B6877C-6C59-43D3-95F1-3261B17C51C5}
		{4F5E1B8D-3DA3-4022-B605-008EB9D2C964} = {A6B6877C-6C59-43D3-95F1-3261B17C51C5}
		{D7D98CF0-C34D-4CD6-B3EA-87C9A17B4C69} = {A6B6877C-6C59-43D3-95F1-3261B17C51C5}
		{DDF4176A-FFD8-40BE-A346-C47971ED6F17} = {A6B6877C-6C59-43D3-95F1-3261B17C51C5}
		{146DFF2F-FB1F-4003-B7ED-18493F5B7ACF} = {A6B6877C-6C59-43D3-95F1-3261B17C51C5}
		{439B8EB7-5CC0-4861-9E90-6ED3589B9298} = {A6B6877C-6C59-43D3-95F1-3261B17C51C5}
		{28C08D5A-D6AD-4FD9-94C4-C93E5D12E76B} = {A6B6877C-6C59-43D3-95F1-3261B17C51C5}
		{009EE123-6E44-4770-8B5A-4C8303F52664} = {A6B6877C-6C59-43D3-95F1-3261B17C51C5}
		{2D8C5C6B-0C91-4C6F-9DB8-83C21DC8F57A} = {A6B6877C-6C59-43D3-95F1-3261B17C51C5}
		{14A566CC-7E52-42F8-B863-60B09B894144} = {A6B6877C-6C59-43D3-95F1-3261B17C51C5}
		{40785B58-01BC-4E02-9639-30E49923853E} = {A6B6877C-6C59-43D3-95F1-3261B17C51C5}
		{AAE000EC-D727-4DA6-85A6-03089D61AEDE} = {A6B6877C-6C59-43D3-95F1-3261B17C51C5}
		{3B12B43A-C2F1-4BEA-8D47-5AE36E0A90AE} = {A6B6877C-6C59-43D3-95F1-3261B17C51C5}
		{30212B29-79C2-42EF-8C81-7EAF965D31F4} = {A6B6877C-6C59-43D3-95F1-3261B17C51C5}
		{A9090814-ABEB-4BCC-8D2D-84719ACEF7F2} = {A6B6877C-6C59-43D3-95F1-3261B17C51C5}
		{6171CBEA-9A7C-41B9-AA51-AAD79D817ED3} = {A6B6877C-6C59-43D3-95F1-3261B17C51C5}
		{963B5326-02B9-4DEE-97F4-E21158EB4D0C} = {A6B6877C-6C59-43D3-95F1-3261B17C51C5}
		{4D251991-1179-4874-996B-612E0F5BF799} = {A6B6877C-6C59-43D3-95F1-3261B17C51C5}
		{71BC2096-D585-4C8F-9F43-28F27AE8B27F} = {A6B6877C-6C59-43D3-95F1-3261B17C51C5}
		{8E4C7DED-E901-4411-BF3C-180241340320} = {A6B6877C-6C59-43D3-95F1-3261B17C51C5}
		{8D8E699A-5E58-45A7-B8B9-C42590C6F326} = {A6B6877C-6C59-43D3-95F1-3261B17C51C5}
		{D5103C31-5712-4351-B21A-FE05200EC6AC} = {A6B6877C-6C59-43D3-95F1-3261B17C51C5}
		{96FBD357-E4E6-4057-BF33-E4E8A2E967A8} = {A6B6877C-6C59-43D3-95F1-3261B17C51C5}
		{5B1C1CE3-E77E-40C1-B6C6-E34B0EDBA0D0} = {A6B6877C-6C59-43D3-95F1-3261B17C51C5}
		{649FCC91-BD5E-4D3C-BCBC-5145E2C32A3E} = {A6B6877C-6C59-43D3-95F1-3261B17C51C5}
		{C45489CA-2468-47FF-8ADA-645A2ED1F2C6} = {A6B6877C-6C59-43D3-95F1-3261B17C51C5}
		{EF167FA6-237F-4D48-9995-BCB16D8FB7C7} = {A6B6877C-6C59-43D3-95F1-3261B17C51C5}
		{6DC2C604-EC0D-4B9E-9BD8-BE3D17258A4D} = {A6B6877C-6C59-43D3-95F1-3261B17C51C5}
		{2D01B9E8-828D-4A5C-8694-800D5C80AE46} = {A6B6877C-6C59-43D3-95F1-3261B17C51C5}
		{FF51251C-C130-4784-B738-9B4FD00514E2} = {A6B6877C-6C59-43D3-95F1-3261B17C51C5}
		{F348F6A3-240C-4F1C-AB21-FA000E14AA4B} = {A6B6877C-6C59-43D3-95F1-3261B17C51C5}
		{1870E2FC-1C87-41F6-9400-E44405503768} = {A6B6877C-6C59-43D3-95F1-3261B17C51C5}
		{462CDA9B-7B2F-4151-85AA-A7E54F481994} = {A6B6877C-6C59-43D3-95F1-3261B17C51C5}
		{D96D7AB2-050C-49C5-89FD-8372452536B8} = {A6B6877C-6C59-43D3-95F1-3261B17C51C5}
		{592CA37D-133F-474B-A0B1-1A932BA03C7A} = {A6B6877C-6C59-43D3-95F1-3261B17C51C5}
		{E0192FD3-5CAB-46BD-83B2-7EB80DD7C505} = {A6B6877C-6C59-43D3-95F1-3261B17C51C5}
		{47BE127A-124A-46F2-92FC-2C1B669457A9} = {A6B6877C-6C59-43D3-95F1-3261B17C51C5}
		{0880C59D-0FD8-4F83-88B8-B84547023C72} = {A6B6877C-6C59-43D3-95F1-3261B17C51C5}
		{D57A2581-BA41-423C-9CDF-0E77041BC4FA} = {A6B6877C-6C59-43D3-95F1-3261B17C51C5}
		{EB873DC8-DAC4-4DC3-9142-10497840A04A} = {A6B6877C-6C59-43D3-95F1-3261B17C51C5}
		{683910A0-DC94-43A0-A85B-9EA7CFD7AB21} = {A6B6877C-6C59-43D3-95F1-3261B17C51C5}
		{A76E4896-C464-4B41-A265-10C3FFA52412} = {A6B6877C-6C59-43D3-95F1-3261B17C51C5}
		{8F896AA0-C51A-482A-8319-AE92A50E62B3} = {A6B6877C-6C59-43D3-95F1-3261B17C51C5}
		{B1CBC701-347B-48B1-A921-AAE3C8864729} = {A6B6877C-6C59-43D3-95F1-3261B17C51C5}
		{9E3F7543-D5DF-4686-BF5E-C20B6E9B68CA} = {A6B6877C-6C59-43D3-95F1-3261B17C51C5}
		{1D101235-A2FA-4DB1-B9AE-5AB6496B6A89} = {A6B6877C-6C59-43D3-95F1-3261B17C51C5}
		{E11CF5B7-FC43-4F9B-9EEE-588F2274975A} = {A6B6877C-6C59-43D3-95F1-3261B17C51C5}
		{B83152E4-B504-42C5-BC09-B477166BFA06} = {A6B6877C-6C59-43D3-95F1-3261B17C51C5}
		{BA6C7FBF-8E82-46F4-86A8-280DC271DF19} = {A6B6877C-6C59-43D3-95F1-3261B17C51C5}
		{50569040-A4E2-4782-BDCB-CEA033398A41} = {A6B6877C-6C59-43D3-95F1-3261B17C51C5}
		{95C4CB27-E34A-4883-B637-AA4861A94522} = {A6B6877C-6C59-43D3-95F1-3261B17C51C5}
		{29916161-F5AD-48DD-8C68-2D5496C0203C} = {A6B6877C-6C59-43D3-95F1-3261B17C51C5}
		{6CF22F76-3C58-4703-A4FA-40D1B19CB07C} = {A6B6877C-6C59-43D3-95F1-3261B17C51C5}
		{A4CE4D6E-62F8-4CF4-A9F3-1BF33AE53942} = {A6B6877C-6C59-43D3-95F1-3261B17C51C5}
		{4A13A906-9788-4E4F-A406-5EEF56BCC038} = {A6B6877C-6C59-43D3-95F1-3261B17C51C5}
		{6FAD1ED7-5A86-4281-846F-EAB53C5058F5} = {A6B6877C-6C59-43D3-95F1-3261B17C51C5}
		{18A1A0A2-48EB-44F7-BA94-8331CC75BED8} = {A6B6877C-6C59-43D3-95F1-3261B17C51C5}
		{AB05D19E-707E-4A89-8042-01CA2967C67D} = {A6B6877C-6C59-43D3-95F1-3261B17C51C5}
		{5F548DF6-5866-40FF-8276-65C8D09CF1C7} = {A6B6877C-6C59-43D3-95F1-3261B17C51C5}
		{155F94D2-FF09-4FC6-A737-03161EE5D8CA} = {A6B6877C-6C59-43D3-95F1-3261B17C51C5}
		{7DE057B7-888C-478F-A6BA-2587614BE468} = {A6B6877C-6C59-43D3-95F1-3261B17C51C5}
		{5AF240D7-AA43-445E-AF99-A7C7BD53F373} = {A6B6877C-6C59-43D3-95F1-3261B17C51C5}
		{E3967A3C-003E-406D-9E66-ADB7B8CC5ED3} = {A6B6877C-6C59-43D3-95F1-3261B17C51C5}
		{F6263106-801E-4F0F-9148-31F71DD18393} = {A6B6877C-6C59-43D3-95F1-3261B17C51C5}
		{012E8037-0A22-49DB-B469-BB2A357A9D6A} = {A6B6877C-6C59-43D3-95F1-3261B17C51C5}
		{C3FECC14-6D75-461B-8821-23F9F94F0FD5} = {A6B6877C-6C59-43D3-95F1-3261B17C51C5}
		{932ADBB3-C44E-43CC-B930-1CA624127F4D} = {A6B6877C-6C59-43D3-95F1-3261B17C51C5}
		{165BD8EA-3CFA-46BC-A3F1-0A95EEF4BD88} = {A6B6877C-6C59-43D3-95F1-3261B17C51C5}
		{AC2E0AA2-F130-4E95-80E7-81EBB94CDCF5} = {A6B6877C-6C59-43D3-95F1-3261B17C51C5}
		{86292C2D-603A-42E1-9C73-7058ECDAD5DF} = {A6B6877C-6C59-43D3-95F1-3261B17C51C5}
		{116D4862-D127-41AF-997D-76C0541E17C1} = {A6B6877C-6C59-43D3-95F1-3261B17C51C5}
		{DEE9AF56-CBEC-4501-8583-B871D4B3C7D0} = {A6B6877C-6C59-43D3-95F1-3261B17C51C5}
		{0368A007-58C4-4C52-9932-C7A955B3FA05} = {A6B6877C-6C59-43D3-95F1-3261B17C51C5}
		{A15FFB2C-5E61-4AD3-8C9E-4217F8B6843D} = {A6B6877C-6C59-43D3-95F1-3261B17C51C5}
		{0D1C512E-F499-4D97-901F-5941C70AE0AA} = {A6B6877C-6C59-43D3-95F1-3261B17C51C5}
		{571015B3-80C6-4C94-A174-93EE574073B4} = {A6B6877C-6C59-43D3-95F1-3261B17C51C5}
		{ECDA1998-38A4-4A76-A136-9A46726DC9B8} = {A6B6877C-6C59-43D3-95F1-3261B17C51C5}
		{DC8BA4B2-5264-482E-B4B4-5719689B43E7} = {A6B6877C-6C59-43D3-95F1-3261B17C51C5}
		{EFF876DF-DE66-48D2-91EC-5F22D6FA5C62} = {A6B6877C-6C59-43D3-95F1-3261B17C51C5}
		{6BAA8D4F-E76C-46CA-BE91-DC267F3B7102} = {A6B6877C-6C59-43D3-95F1-3261B17C51C5}
		{451C098E-1457-45A2-8A1E-8C56C450BF9F} = {A6B6877C-6C59-43D3-95F1-3261B17C51C5}
		{D4B46F0B-D02C-45F8-B47B-260FA41C2AF5} = {A6B6877C-6C59-43D3-95F1-3261B17C51C5}
		{29B40A20-CBAF-47F3-915C-69BDB1A5ED85} = {A6B6877C-6C59-43D3-95F1-3261B17C51C5}
		{834991D3-47BD-40D4-A40C-74F5F671E1F1} = {A6B6877C-6C59-43D3-95F1-3261B17C51C5}
		{5521F0C8-CDBC-443D-ACEC-BACC36AAECAB} = {A6B6877C-6C59-43D3-95F1-3261B17C51C5}
		{CB61C3C6-CD74-46AF-9AC5-4B9E73ED9E04} = {A6B6877C-6C59-43D3-95F1-3261B17C51C5}
		{E474D778-AF5E-4B6B-981B-717283740FB0} = {A6B6877C-6C59-43D3-95F1-3261B17C51C5}
		{DE1D096D-2077-41F3-9811-066686CF81DD} = {A6B6877C-6C59-43D3-95F1-3261B17C51C5}
		{433BDD0B-7093-45A0-A790-D00AB137DF30} = {A6B6877C-6C59-43D3-95F1-3261B17C51C5}
		{073DBE8D-9159-41F8-9820-BB86CB1A9BCE} = {A6B6877C-6C59-43D3-95F1-3261B17C51C5}
		{CAA5E9BF-E329-4E8B-ADE4-94A8842024C3} = {A6B6877C-6C59-43D3-95F1-3261B17C51C5}
		{99BF93EB-2ADC-49C1-AC3C-A52EC43C6B32} = {A6B6877C-6C59-43D3-95F1-3261B17C51C5}
	EndGlobalSection
	GlobalSection(SolutionConfigurationPlatforms) = preSolution
		Debug|Any CPU = Debug|Any CPU
		Release|Any CPU = Release|Any CPU
	EndGlobalSection
	GlobalSection(ProjectConfigurationPlatforms) = postSolution
		{CA4DDB83-AD77-442E-8344-37A107178A1A}.Debug|Any CPU.ActiveCfg = Debug|Any CPU
		{CA4DDB83-AD77-442E-8344-37A107178A1A}.Debug|Any CPU.Build.0 = Debug|Any CPU
		{CA4DDB83-AD77-442E-8344-37A107178A1A}.Release|Any CPU.ActiveCfg = Release|Any CPU
		{CA4DDB83-AD77-442E-8344-37A107178A1A}.Release|Any CPU.Build.0 = Release|Any CPU
		{5821A281-C905-4A97-B5C2-FCE5E001CFAB}.Debug|Any CPU.ActiveCfg = Debug|Any CPU
		{5821A281-C905-4A97-B5C2-FCE5E001CFAB}.Debug|Any CPU.Build.0 = Debug|Any CPU
		{5821A281-C905-4A97-B5C2-FCE5E001CFAB}.Release|Any CPU.ActiveCfg = Release|Any CPU
		{5821A281-C905-4A97-B5C2-FCE5E001CFAB}.Release|Any CPU.Build.0 = Release|Any CPU
		{A5623C92-3CB5-4E9D-9DAF-DE7D7D970704}.Debug|Any CPU.ActiveCfg = Debug|Any CPU
		{A5623C92-3CB5-4E9D-9DAF-DE7D7D970704}.Debug|Any CPU.Build.0 = Debug|Any CPU
		{A5623C92-3CB5-4E9D-9DAF-DE7D7D970704}.Release|Any CPU.ActiveCfg = Release|Any CPU
		{A5623C92-3CB5-4E9D-9DAF-DE7D7D970704}.Release|Any CPU.Build.0 = Release|Any CPU
		{FFAFA3F8-8C6B-4200-A6E8-F5D1768661BF}.Debug|Any CPU.ActiveCfg = Debug|Any CPU
		{FFAFA3F8-8C6B-4200-A6E8-F5D1768661BF}.Debug|Any CPU.Build.0 = Debug|Any CPU
		{FFAFA3F8-8C6B-4200-A6E8-F5D1768661BF}.Release|Any CPU.ActiveCfg = Release|Any CPU
		{FFAFA3F8-8C6B-4200-A6E8-F5D1768661BF}.Release|Any CPU.Build.0 = Release|Any CPU
		{A050F9C3-AC6F-493F-A80C-29D424BCF9D7}.Debug|Any CPU.ActiveCfg = Debug|Any CPU
		{A050F9C3-AC6F-493F-A80C-29D424BCF9D7}.Debug|Any CPU.Build.0 = Debug|Any CPU
		{A050F9C3-AC6F-493F-A80C-29D424BCF9D7}.Release|Any CPU.ActiveCfg = Release|Any CPU
		{A050F9C3-AC6F-493F-A80C-29D424BCF9D7}.Release|Any CPU.Build.0 = Release|Any CPU
		{6E3F1E11-1667-4AC5-BF0E-8043088564E4}.Debug|Any CPU.ActiveCfg = Debug|Any CPU
		{6E3F1E11-1667-4AC5-BF0E-8043088564E4}.Debug|Any CPU.Build.0 = Debug|Any CPU
		{6E3F1E11-1667-4AC5-BF0E-8043088564E4}.Release|Any CPU.ActiveCfg = Release|Any CPU
		{6E3F1E11-1667-4AC5-BF0E-8043088564E4}.Release|Any CPU.Build.0 = Release|Any CPU
		{E1181712-BC5F-4F93-B233-ED96CE262E11}.Debug|Any CPU.ActiveCfg = Debug|Any CPU
		{E1181712-BC5F-4F93-B233-ED96CE262E11}.Debug|Any CPU.Build.0 = Debug|Any CPU
		{E1181712-BC5F-4F93-B233-ED96CE262E11}.Release|Any CPU.ActiveCfg = Release|Any CPU
		{E1181712-BC5F-4F93-B233-ED96CE262E11}.Release|Any CPU.Build.0 = Release|Any CPU
		{903C1D88-A228-4C45-BCAF-4B50E1CA2CE4}.Debug|Any CPU.ActiveCfg = Debug|Any CPU
		{903C1D88-A228-4C45-BCAF-4B50E1CA2CE4}.Debug|Any CPU.Build.0 = Debug|Any CPU
		{903C1D88-A228-4C45-BCAF-4B50E1CA2CE4}.Release|Any CPU.ActiveCfg = Release|Any CPU
		{903C1D88-A228-4C45-BCAF-4B50E1CA2CE4}.Release|Any CPU.Build.0 = Release|Any CPU
		{FD18A318-0E16-4B4F-9DE7-6AED075A0D28}.Debug|Any CPU.ActiveCfg = Debug|Any CPU
		{FD18A318-0E16-4B4F-9DE7-6AED075A0D28}.Debug|Any CPU.Build.0 = Debug|Any CPU
		{FD18A318-0E16-4B4F-9DE7-6AED075A0D28}.Release|Any CPU.ActiveCfg = Release|Any CPU
		{FD18A318-0E16-4B4F-9DE7-6AED075A0D28}.Release|Any CPU.Build.0 = Release|Any CPU
		{6A0E3330-A8AD-4E05-A160-84AD9C09CBB1}.Debug|Any CPU.ActiveCfg = Debug|Any CPU
		{6A0E3330-A8AD-4E05-A160-84AD9C09CBB1}.Debug|Any CPU.Build.0 = Debug|Any CPU
		{6A0E3330-A8AD-4E05-A160-84AD9C09CBB1}.Release|Any CPU.ActiveCfg = Release|Any CPU
		{6A0E3330-A8AD-4E05-A160-84AD9C09CBB1}.Release|Any CPU.Build.0 = Release|Any CPU
		{4EDBEEF9-FA2E-430C-BB38-6C4438588FC5}.Debug|Any CPU.ActiveCfg = Debug|Any CPU
		{4EDBEEF9-FA2E-430C-BB38-6C4438588FC5}.Debug|Any CPU.Build.0 = Debug|Any CPU
		{4EDBEEF9-FA2E-430C-BB38-6C4438588FC5}.Release|Any CPU.ActiveCfg = Release|Any CPU
		{4EDBEEF9-FA2E-430C-BB38-6C4438588FC5}.Release|Any CPU.Build.0 = Release|Any CPU
		{3792E5D1-281D-4F96-BD57-0F99D363122F}.Debug|Any CPU.ActiveCfg = Debug|Any CPU
		{3792E5D1-281D-4F96-BD57-0F99D363122F}.Debug|Any CPU.Build.0 = Debug|Any CPU
		{3792E5D1-281D-4F96-BD57-0F99D363122F}.Release|Any CPU.ActiveCfg = Release|Any CPU
		{3792E5D1-281D-4F96-BD57-0F99D363122F}.Release|Any CPU.Build.0 = Release|Any CPU
		{4F5E1B8D-3DA3-4022-B605-008EB9D2C964}.Debug|Any CPU.ActiveCfg = Debug|Any CPU
		{4F5E1B8D-3DA3-4022-B605-008EB9D2C964}.Debug|Any CPU.Build.0 = Debug|Any CPU
		{4F5E1B8D-3DA3-4022-B605-008EB9D2C964}.Release|Any CPU.ActiveCfg = Release|Any CPU
		{4F5E1B8D-3DA3-4022-B605-008EB9D2C964}.Release|Any CPU.Build.0 = Release|Any CPU
		{D7D98CF0-C34D-4CD6-B3EA-87C9A17B4C69}.Debug|Any CPU.ActiveCfg = Debug|Any CPU
		{D7D98CF0-C34D-4CD6-B3EA-87C9A17B4C69}.Debug|Any CPU.Build.0 = Debug|Any CPU
		{D7D98CF0-C34D-4CD6-B3EA-87C9A17B4C69}.Release|Any CPU.ActiveCfg = Release|Any CPU
		{D7D98CF0-C34D-4CD6-B3EA-87C9A17B4C69}.Release|Any CPU.Build.0 = Release|Any CPU
		{DDF4176A-FFD8-40BE-A346-C47971ED6F17}.Debug|Any CPU.ActiveCfg = Debug|Any CPU
		{DDF4176A-FFD8-40BE-A346-C47971ED6F17}.Debug|Any CPU.Build.0 = Debug|Any CPU
		{DDF4176A-FFD8-40BE-A346-C47971ED6F17}.Release|Any CPU.ActiveCfg = Release|Any CPU
		{DDF4176A-FFD8-40BE-A346-C47971ED6F17}.Release|Any CPU.Build.0 = Release|Any CPU
		{146DFF2F-FB1F-4003-B7ED-18493F5B7ACF}.Debug|Any CPU.ActiveCfg = Debug|Any CPU
		{146DFF2F-FB1F-4003-B7ED-18493F5B7ACF}.Debug|Any CPU.Build.0 = Debug|Any CPU
		{146DFF2F-FB1F-4003-B7ED-18493F5B7ACF}.Release|Any CPU.ActiveCfg = Release|Any CPU
		{146DFF2F-FB1F-4003-B7ED-18493F5B7ACF}.Release|Any CPU.Build.0 = Release|Any CPU
		{439B8EB7-5CC0-4861-9E90-6ED3589B9298}.Debug|Any CPU.ActiveCfg = Debug|Any CPU
		{439B8EB7-5CC0-4861-9E90-6ED3589B9298}.Debug|Any CPU.Build.0 = Debug|Any CPU
		{439B8EB7-5CC0-4861-9E90-6ED3589B9298}.Release|Any CPU.ActiveCfg = Release|Any CPU
		{439B8EB7-5CC0-4861-9E90-6ED3589B9298}.Release|Any CPU.Build.0 = Release|Any CPU
		{28C08D5A-D6AD-4FD9-94C4-C93E5D12E76B}.Debug|Any CPU.ActiveCfg = Debug|Any CPU
		{28C08D5A-D6AD-4FD9-94C4-C93E5D12E76B}.Debug|Any CPU.Build.0 = Debug|Any CPU
		{28C08D5A-D6AD-4FD9-94C4-C93E5D12E76B}.Release|Any CPU.ActiveCfg = Release|Any CPU
		{28C08D5A-D6AD-4FD9-94C4-C93E5D12E76B}.Release|Any CPU.Build.0 = Release|Any CPU
		{009EE123-6E44-4770-8B5A-4C8303F52664}.Debug|Any CPU.ActiveCfg = Debug|Any CPU
		{009EE123-6E44-4770-8B5A-4C8303F52664}.Debug|Any CPU.Build.0 = Debug|Any CPU
		{009EE123-6E44-4770-8B5A-4C8303F52664}.Release|Any CPU.ActiveCfg = Release|Any CPU
		{009EE123-6E44-4770-8B5A-4C8303F52664}.Release|Any CPU.Build.0 = Release|Any CPU
		{2D8C5C6B-0C91-4C6F-9DB8-83C21DC8F57A}.Debug|Any CPU.ActiveCfg = Debug|Any CPU
		{2D8C5C6B-0C91-4C6F-9DB8-83C21DC8F57A}.Debug|Any CPU.Build.0 = Debug|Any CPU
		{2D8C5C6B-0C91-4C6F-9DB8-83C21DC8F57A}.Release|Any CPU.ActiveCfg = Release|Any CPU
		{2D8C5C6B-0C91-4C6F-9DB8-83C21DC8F57A}.Release|Any CPU.Build.0 = Release|Any CPU
		{14A566CC-7E52-42F8-B863-60B09B894144}.Debug|Any CPU.ActiveCfg = Debug|Any CPU
		{14A566CC-7E52-42F8-B863-60B09B894144}.Debug|Any CPU.Build.0 = Debug|Any CPU
		{14A566CC-7E52-42F8-B863-60B09B894144}.Release|Any CPU.ActiveCfg = Release|Any CPU
		{14A566CC-7E52-42F8-B863-60B09B894144}.Release|Any CPU.Build.0 = Release|Any CPU
		{40785B58-01BC-4E02-9639-30E49923853E}.Debug|Any CPU.ActiveCfg = Debug|Any CPU
		{40785B58-01BC-4E02-9639-30E49923853E}.Debug|Any CPU.Build.0 = Debug|Any CPU
		{40785B58-01BC-4E02-9639-30E49923853E}.Release|Any CPU.ActiveCfg = Release|Any CPU
		{40785B58-01BC-4E02-9639-30E49923853E}.Release|Any CPU.Build.0 = Release|Any CPU
		{AAE000EC-D727-4DA6-85A6-03089D61AEDE}.Debug|Any CPU.ActiveCfg = Debug|Any CPU
		{AAE000EC-D727-4DA6-85A6-03089D61AEDE}.Debug|Any CPU.Build.0 = Debug|Any CPU
		{AAE000EC-D727-4DA6-85A6-03089D61AEDE}.Release|Any CPU.ActiveCfg = Release|Any CPU
		{AAE000EC-D727-4DA6-85A6-03089D61AEDE}.Release|Any CPU.Build.0 = Release|Any CPU
		{3B12B43A-C2F1-4BEA-8D47-5AE36E0A90AE}.Debug|Any CPU.ActiveCfg = Debug|Any CPU
		{3B12B43A-C2F1-4BEA-8D47-5AE36E0A90AE}.Debug|Any CPU.Build.0 = Debug|Any CPU
		{3B12B43A-C2F1-4BEA-8D47-5AE36E0A90AE}.Release|Any CPU.ActiveCfg = Release|Any CPU
		{3B12B43A-C2F1-4BEA-8D47-5AE36E0A90AE}.Release|Any CPU.Build.0 = Release|Any CPU
		{30212B29-79C2-42EF-8C81-7EAF965D31F4}.Debug|Any CPU.ActiveCfg = Debug|Any CPU
		{30212B29-79C2-42EF-8C81-7EAF965D31F4}.Debug|Any CPU.Build.0 = Debug|Any CPU
		{30212B29-79C2-42EF-8C81-7EAF965D31F4}.Release|Any CPU.ActiveCfg = Release|Any CPU
		{30212B29-79C2-42EF-8C81-7EAF965D31F4}.Release|Any CPU.Build.0 = Release|Any CPU
		{A9090814-ABEB-4BCC-8D2D-84719ACEF7F2}.Debug|Any CPU.ActiveCfg = Debug|Any CPU
		{A9090814-ABEB-4BCC-8D2D-84719ACEF7F2}.Debug|Any CPU.Build.0 = Debug|Any CPU
		{A9090814-ABEB-4BCC-8D2D-84719ACEF7F2}.Release|Any CPU.ActiveCfg = Release|Any CPU
		{A9090814-ABEB-4BCC-8D2D-84719ACEF7F2}.Release|Any CPU.Build.0 = Release|Any CPU
		{6171CBEA-9A7C-41B9-AA51-AAD79D817ED3}.Debug|Any CPU.ActiveCfg = Debug|Any CPU
		{6171CBEA-9A7C-41B9-AA51-AAD79D817ED3}.Debug|Any CPU.Build.0 = Debug|Any CPU
		{6171CBEA-9A7C-41B9-AA51-AAD79D817ED3}.Release|Any CPU.ActiveCfg = Release|Any CPU
		{6171CBEA-9A7C-41B9-AA51-AAD79D817ED3}.Release|Any CPU.Build.0 = Release|Any CPU
		{963B5326-02B9-4DEE-97F4-E21158EB4D0C}.Debug|Any CPU.ActiveCfg = Debug|Any CPU
		{963B5326-02B9-4DEE-97F4-E21158EB4D0C}.Debug|Any CPU.Build.0 = Debug|Any CPU
		{963B5326-02B9-4DEE-97F4-E21158EB4D0C}.Release|Any CPU.ActiveCfg = Release|Any CPU
		{963B5326-02B9-4DEE-97F4-E21158EB4D0C}.Release|Any CPU.Build.0 = Release|Any CPU
		{4D251991-1179-4874-996B-612E0F5BF799}.Debug|Any CPU.ActiveCfg = Debug|Any CPU
		{4D251991-1179-4874-996B-612E0F5BF799}.Debug|Any CPU.Build.0 = Debug|Any CPU
		{4D251991-1179-4874-996B-612E0F5BF799}.Release|Any CPU.ActiveCfg = Release|Any CPU
		{4D251991-1179-4874-996B-612E0F5BF799}.Release|Any CPU.Build.0 = Release|Any CPU
		{71BC2096-D585-4C8F-9F43-28F27AE8B27F}.Debug|Any CPU.ActiveCfg = Debug|Any CPU
		{71BC2096-D585-4C8F-9F43-28F27AE8B27F}.Debug|Any CPU.Build.0 = Debug|Any CPU
		{71BC2096-D585-4C8F-9F43-28F27AE8B27F}.Release|Any CPU.ActiveCfg = Release|Any CPU
		{71BC2096-D585-4C8F-9F43-28F27AE8B27F}.Release|Any CPU.Build.0 = Release|Any CPU
		{8E4C7DED-E901-4411-BF3C-180241340320}.Debug|Any CPU.ActiveCfg = Debug|Any CPU
		{8E4C7DED-E901-4411-BF3C-180241340320}.Debug|Any CPU.Build.0 = Debug|Any CPU
		{8E4C7DED-E901-4411-BF3C-180241340320}.Release|Any CPU.ActiveCfg = Release|Any CPU
		{8E4C7DED-E901-4411-BF3C-180241340320}.Release|Any CPU.Build.0 = Release|Any CPU
		{8D8E699A-5E58-45A7-B8B9-C42590C6F326}.Debug|Any CPU.ActiveCfg = Debug|Any CPU
		{8D8E699A-5E58-45A7-B8B9-C42590C6F326}.Debug|Any CPU.Build.0 = Debug|Any CPU
		{8D8E699A-5E58-45A7-B8B9-C42590C6F326}.Release|Any CPU.ActiveCfg = Release|Any CPU
		{8D8E699A-5E58-45A7-B8B9-C42590C6F326}.Release|Any CPU.Build.0 = Release|Any CPU
		{D5103C31-5712-4351-B21A-FE05200EC6AC}.Debug|Any CPU.ActiveCfg = Debug|Any CPU
		{D5103C31-5712-4351-B21A-FE05200EC6AC}.Debug|Any CPU.Build.0 = Debug|Any CPU
		{D5103C31-5712-4351-B21A-FE05200EC6AC}.Release|Any CPU.ActiveCfg = Release|Any CPU
		{D5103C31-5712-4351-B21A-FE05200EC6AC}.Release|Any CPU.Build.0 = Release|Any CPU
		{96FBD357-E4E6-4057-BF33-E4E8A2E967A8}.Debug|Any CPU.ActiveCfg = Debug|Any CPU
		{96FBD357-E4E6-4057-BF33-E4E8A2E967A8}.Debug|Any CPU.Build.0 = Debug|Any CPU
		{96FBD357-E4E6-4057-BF33-E4E8A2E967A8}.Release|Any CPU.ActiveCfg = Release|Any CPU
		{96FBD357-E4E6-4057-BF33-E4E8A2E967A8}.Release|Any CPU.Build.0 = Release|Any CPU
		{5B1C1CE3-E77E-40C1-B6C6-E34B0EDBA0D0}.Debug|Any CPU.ActiveCfg = Debug|Any CPU
		{5B1C1CE3-E77E-40C1-B6C6-E34B0EDBA0D0}.Debug|Any CPU.Build.0 = Debug|Any CPU
		{5B1C1CE3-E77E-40C1-B6C6-E34B0EDBA0D0}.Release|Any CPU.ActiveCfg = Release|Any CPU
		{5B1C1CE3-E77E-40C1-B6C6-E34B0EDBA0D0}.Release|Any CPU.Build.0 = Release|Any CPU
		{649FCC91-BD5E-4D3C-BCBC-5145E2C32A3E}.Debug|Any CPU.ActiveCfg = Debug|Any CPU
		{649FCC91-BD5E-4D3C-BCBC-5145E2C32A3E}.Debug|Any CPU.Build.0 = Debug|Any CPU
		{649FCC91-BD5E-4D3C-BCBC-5145E2C32A3E}.Release|Any CPU.ActiveCfg = Release|Any CPU
		{649FCC91-BD5E-4D3C-BCBC-5145E2C32A3E}.Release|Any CPU.Build.0 = Release|Any CPU
		{C45489CA-2468-47FF-8ADA-645A2ED1F2C6}.Debug|Any CPU.ActiveCfg = Debug|Any CPU
		{C45489CA-2468-47FF-8ADA-645A2ED1F2C6}.Debug|Any CPU.Build.0 = Debug|Any CPU
		{C45489CA-2468-47FF-8ADA-645A2ED1F2C6}.Release|Any CPU.ActiveCfg = Release|Any CPU
		{C45489CA-2468-47FF-8ADA-645A2ED1F2C6}.Release|Any CPU.Build.0 = Release|Any CPU
		{EF167FA6-237F-4D48-9995-BCB16D8FB7C7}.Debug|Any CPU.ActiveCfg = Debug|Any CPU
		{EF167FA6-237F-4D48-9995-BCB16D8FB7C7}.Debug|Any CPU.Build.0 = Debug|Any CPU
		{EF167FA6-237F-4D48-9995-BCB16D8FB7C7}.Release|Any CPU.ActiveCfg = Release|Any CPU
		{EF167FA6-237F-4D48-9995-BCB16D8FB7C7}.Release|Any CPU.Build.0 = Release|Any CPU
		{6DC2C604-EC0D-4B9E-9BD8-BE3D17258A4D}.Debug|Any CPU.ActiveCfg = Debug|Any CPU
		{6DC2C604-EC0D-4B9E-9BD8-BE3D17258A4D}.Debug|Any CPU.Build.0 = Debug|Any CPU
		{6DC2C604-EC0D-4B9E-9BD8-BE3D17258A4D}.Release|Any CPU.ActiveCfg = Release|Any CPU
		{6DC2C604-EC0D-4B9E-9BD8-BE3D17258A4D}.Release|Any CPU.Build.0 = Release|Any CPU
		{2D01B9E8-828D-4A5C-8694-800D5C80AE46}.Debug|Any CPU.ActiveCfg = Debug|Any CPU
		{2D01B9E8-828D-4A5C-8694-800D5C80AE46}.Debug|Any CPU.Build.0 = Debug|Any CPU
		{2D01B9E8-828D-4A5C-8694-800D5C80AE46}.Release|Any CPU.ActiveCfg = Release|Any CPU
		{2D01B9E8-828D-4A5C-8694-800D5C80AE46}.Release|Any CPU.Build.0 = Release|Any CPU
		{FF51251C-C130-4784-B738-9B4FD00514E2}.Debug|Any CPU.ActiveCfg = Debug|Any CPU
		{FF51251C-C130-4784-B738-9B4FD00514E2}.Debug|Any CPU.Build.0 = Debug|Any CPU
		{FF51251C-C130-4784-B738-9B4FD00514E2}.Release|Any CPU.ActiveCfg = Release|Any CPU
		{FF51251C-C130-4784-B738-9B4FD00514E2}.Release|Any CPU.Build.0 = Release|Any CPU
		{F348F6A3-240C-4F1C-AB21-FA000E14AA4B}.Debug|Any CPU.ActiveCfg = Debug|Any CPU
		{F348F6A3-240C-4F1C-AB21-FA000E14AA4B}.Debug|Any CPU.Build.0 = Debug|Any CPU
		{F348F6A3-240C-4F1C-AB21-FA000E14AA4B}.Release|Any CPU.ActiveCfg = Release|Any CPU
		{F348F6A3-240C-4F1C-AB21-FA000E14AA4B}.Release|Any CPU.Build.0 = Release|Any CPU
		{1870E2FC-1C87-41F6-9400-E44405503768}.Debug|Any CPU.ActiveCfg = Debug|Any CPU
		{1870E2FC-1C87-41F6-9400-E44405503768}.Debug|Any CPU.Build.0 = Debug|Any CPU
		{1870E2FC-1C87-41F6-9400-E44405503768}.Release|Any CPU.ActiveCfg = Release|Any CPU
		{1870E2FC-1C87-41F6-9400-E44405503768}.Release|Any CPU.Build.0 = Release|Any CPU
		{462CDA9B-7B2F-4151-85AA-A7E54F481994}.Debug|Any CPU.ActiveCfg = Debug|Any CPU
		{462CDA9B-7B2F-4151-85AA-A7E54F481994}.Debug|Any CPU.Build.0 = Debug|Any CPU
		{462CDA9B-7B2F-4151-85AA-A7E54F481994}.Release|Any CPU.ActiveCfg = Release|Any CPU
		{462CDA9B-7B2F-4151-85AA-A7E54F481994}.Release|Any CPU.Build.0 = Release|Any CPU
		{D96D7AB2-050C-49C5-89FD-8372452536B8}.Debug|Any CPU.ActiveCfg = Debug|Any CPU
		{D96D7AB2-050C-49C5-89FD-8372452536B8}.Debug|Any CPU.Build.0 = Debug|Any CPU
		{D96D7AB2-050C-49C5-89FD-8372452536B8}.Release|Any CPU.ActiveCfg = Release|Any CPU
		{D96D7AB2-050C-49C5-89FD-8372452536B8}.Release|Any CPU.Build.0 = Release|Any CPU
		{592CA37D-133F-474B-A0B1-1A932BA03C7A}.Debug|Any CPU.ActiveCfg = Debug|Any CPU
		{592CA37D-133F-474B-A0B1-1A932BA03C7A}.Debug|Any CPU.Build.0 = Debug|Any CPU
		{592CA37D-133F-474B-A0B1-1A932BA03C7A}.Release|Any CPU.ActiveCfg = Release|Any CPU
		{592CA37D-133F-474B-A0B1-1A932BA03C7A}.Release|Any CPU.Build.0 = Release|Any CPU
		{E0192FD3-5CAB-46BD-83B2-7EB80DD7C505}.Debug|Any CPU.ActiveCfg = Debug|Any CPU
		{E0192FD3-5CAB-46BD-83B2-7EB80DD7C505}.Debug|Any CPU.Build.0 = Debug|Any CPU
		{E0192FD3-5CAB-46BD-83B2-7EB80DD7C505}.Release|Any CPU.ActiveCfg = Release|Any CPU
		{E0192FD3-5CAB-46BD-83B2-7EB80DD7C505}.Release|Any CPU.Build.0 = Release|Any CPU
		{47BE127A-124A-46F2-92FC-2C1B669457A9}.Debug|Any CPU.ActiveCfg = Debug|Any CPU
		{47BE127A-124A-46F2-92FC-2C1B669457A9}.Debug|Any CPU.Build.0 = Debug|Any CPU
		{47BE127A-124A-46F2-92FC-2C1B669457A9}.Release|Any CPU.ActiveCfg = Release|Any CPU
		{47BE127A-124A-46F2-92FC-2C1B669457A9}.Release|Any CPU.Build.0 = Release|Any CPU
		{0880C59D-0FD8-4F83-88B8-B84547023C72}.Debug|Any CPU.ActiveCfg = Debug|Any CPU
		{0880C59D-0FD8-4F83-88B8-B84547023C72}.Debug|Any CPU.Build.0 = Debug|Any CPU
		{0880C59D-0FD8-4F83-88B8-B84547023C72}.Release|Any CPU.ActiveCfg = Release|Any CPU
		{0880C59D-0FD8-4F83-88B8-B84547023C72}.Release|Any CPU.Build.0 = Release|Any CPU
		{D57A2581-BA41-423C-9CDF-0E77041BC4FA}.Debug|Any CPU.ActiveCfg = Debug|Any CPU
		{D57A2581-BA41-423C-9CDF-0E77041BC4FA}.Debug|Any CPU.Build.0 = Debug|Any CPU
		{D57A2581-BA41-423C-9CDF-0E77041BC4FA}.Release|Any CPU.ActiveCfg = Release|Any CPU
		{D57A2581-BA41-423C-9CDF-0E77041BC4FA}.Release|Any CPU.Build.0 = Release|Any CPU
		{EB873DC8-DAC4-4DC3-9142-10497840A04A}.Debug|Any CPU.ActiveCfg = Debug|Any CPU
		{EB873DC8-DAC4-4DC3-9142-10497840A04A}.Debug|Any CPU.Build.0 = Debug|Any CPU
		{EB873DC8-DAC4-4DC3-9142-10497840A04A}.Release|Any CPU.ActiveCfg = Release|Any CPU
		{EB873DC8-DAC4-4DC3-9142-10497840A04A}.Release|Any CPU.Build.0 = Release|Any CPU
		{683910A0-DC94-43A0-A85B-9EA7CFD7AB21}.Debug|Any CPU.ActiveCfg = Debug|Any CPU
		{683910A0-DC94-43A0-A85B-9EA7CFD7AB21}.Debug|Any CPU.Build.0 = Debug|Any CPU
		{683910A0-DC94-43A0-A85B-9EA7CFD7AB21}.Release|Any CPU.ActiveCfg = Release|Any CPU
		{683910A0-DC94-43A0-A85B-9EA7CFD7AB21}.Release|Any CPU.Build.0 = Release|Any CPU
		{A76E4896-C464-4B41-A265-10C3FFA52412}.Debug|Any CPU.ActiveCfg = Debug|Any CPU
		{A76E4896-C464-4B41-A265-10C3FFA52412}.Debug|Any CPU.Build.0 = Debug|Any CPU
		{A76E4896-C464-4B41-A265-10C3FFA52412}.Release|Any CPU.ActiveCfg = Release|Any CPU
		{A76E4896-C464-4B41-A265-10C3FFA52412}.Release|Any CPU.Build.0 = Release|Any CPU
		{8F896AA0-C51A-482A-8319-AE92A50E62B3}.Debug|Any CPU.ActiveCfg = Debug|Any CPU
		{8F896AA0-C51A-482A-8319-AE92A50E62B3}.Debug|Any CPU.Build.0 = Debug|Any CPU
		{8F896AA0-C51A-482A-8319-AE92A50E62B3}.Release|Any CPU.ActiveCfg = Release|Any CPU
		{8F896AA0-C51A-482A-8319-AE92A50E62B3}.Release|Any CPU.Build.0 = Release|Any CPU
		{B1CBC701-347B-48B1-A921-AAE3C8864729}.Debug|Any CPU.ActiveCfg = Debug|Any CPU
		{B1CBC701-347B-48B1-A921-AAE3C8864729}.Debug|Any CPU.Build.0 = Debug|Any CPU
		{B1CBC701-347B-48B1-A921-AAE3C8864729}.Release|Any CPU.ActiveCfg = Release|Any CPU
		{B1CBC701-347B-48B1-A921-AAE3C8864729}.Release|Any CPU.Build.0 = Release|Any CPU
		{9E3F7543-D5DF-4686-BF5E-C20B6E9B68CA}.Debug|Any CPU.ActiveCfg = Debug|Any CPU
		{9E3F7543-D5DF-4686-BF5E-C20B6E9B68CA}.Debug|Any CPU.Build.0 = Debug|Any CPU
		{9E3F7543-D5DF-4686-BF5E-C20B6E9B68CA}.Release|Any CPU.ActiveCfg = Release|Any CPU
		{9E3F7543-D5DF-4686-BF5E-C20B6E9B68CA}.Release|Any CPU.Build.0 = Release|Any CPU
		{1D101235-A2FA-4DB1-B9AE-5AB6496B6A89}.Debug|Any CPU.ActiveCfg = Debug|Any CPU
		{1D101235-A2FA-4DB1-B9AE-5AB6496B6A89}.Debug|Any CPU.Build.0 = Debug|Any CPU
		{1D101235-A2FA-4DB1-B9AE-5AB6496B6A89}.Release|Any CPU.ActiveCfg = Release|Any CPU
		{1D101235-A2FA-4DB1-B9AE-5AB6496B6A89}.Release|Any CPU.Build.0 = Release|Any CPU
		{E11CF5B7-FC43-4F9B-9EEE-588F2274975A}.Debug|Any CPU.ActiveCfg = Debug|Any CPU
		{E11CF5B7-FC43-4F9B-9EEE-588F2274975A}.Debug|Any CPU.Build.0 = Debug|Any CPU
		{E11CF5B7-FC43-4F9B-9EEE-588F2274975A}.Release|Any CPU.ActiveCfg = Release|Any CPU
		{E11CF5B7-FC43-4F9B-9EEE-588F2274975A}.Release|Any CPU.Build.0 = Release|Any CPU
		{B83152E4-B504-42C5-BC09-B477166BFA06}.Debug|Any CPU.ActiveCfg = Debug|Any CPU
		{B83152E4-B504-42C5-BC09-B477166BFA06}.Debug|Any CPU.Build.0 = Debug|Any CPU
		{B83152E4-B504-42C5-BC09-B477166BFA06}.Release|Any CPU.ActiveCfg = Release|Any CPU
		{B83152E4-B504-42C5-BC09-B477166BFA06}.Release|Any CPU.Build.0 = Release|Any CPU
		{BA6C7FBF-8E82-46F4-86A8-280DC271DF19}.Debug|Any CPU.ActiveCfg = Debug|Any CPU
		{BA6C7FBF-8E82-46F4-86A8-280DC271DF19}.Debug|Any CPU.Build.0 = Debug|Any CPU
		{BA6C7FBF-8E82-46F4-86A8-280DC271DF19}.Release|Any CPU.ActiveCfg = Release|Any CPU
		{BA6C7FBF-8E82-46F4-86A8-280DC271DF19}.Release|Any CPU.Build.0 = Release|Any CPU
		{50569040-A4E2-4782-BDCB-CEA033398A41}.Debug|Any CPU.ActiveCfg = Debug|Any CPU
		{50569040-A4E2-4782-BDCB-CEA033398A41}.Debug|Any CPU.Build.0 = Debug|Any CPU
		{50569040-A4E2-4782-BDCB-CEA033398A41}.Release|Any CPU.ActiveCfg = Release|Any CPU
		{50569040-A4E2-4782-BDCB-CEA033398A41}.Release|Any CPU.Build.0 = Release|Any CPU
		{95C4CB27-E34A-4883-B637-AA4861A94522}.Debug|Any CPU.ActiveCfg = Debug|Any CPU
		{95C4CB27-E34A-4883-B637-AA4861A94522}.Debug|Any CPU.Build.0 = Debug|Any CPU
		{95C4CB27-E34A-4883-B637-AA4861A94522}.Release|Any CPU.ActiveCfg = Release|Any CPU
		{95C4CB27-E34A-4883-B637-AA4861A94522}.Release|Any CPU.Build.0 = Release|Any CPU
		{29916161-F5AD-48DD-8C68-2D5496C0203C}.Debug|Any CPU.ActiveCfg = Debug|Any CPU
		{29916161-F5AD-48DD-8C68-2D5496C0203C}.Debug|Any CPU.Build.0 = Debug|Any CPU
		{29916161-F5AD-48DD-8C68-2D5496C0203C}.Release|Any CPU.ActiveCfg = Release|Any CPU
		{29916161-F5AD-48DD-8C68-2D5496C0203C}.Release|Any CPU.Build.0 = Release|Any CPU
		{6CF22F76-3C58-4703-A4FA-40D1B19CB07C}.Debug|Any CPU.ActiveCfg = Debug|Any CPU
		{6CF22F76-3C58-4703-A4FA-40D1B19CB07C}.Debug|Any CPU.Build.0 = Debug|Any CPU
		{6CF22F76-3C58-4703-A4FA-40D1B19CB07C}.Release|Any CPU.ActiveCfg = Release|Any CPU
		{6CF22F76-3C58-4703-A4FA-40D1B19CB07C}.Release|Any CPU.Build.0 = Release|Any CPU
		{A4CE4D6E-62F8-4CF4-A9F3-1BF33AE53942}.Debug|Any CPU.ActiveCfg = Debug|Any CPU
		{A4CE4D6E-62F8-4CF4-A9F3-1BF33AE53942}.Debug|Any CPU.Build.0 = Debug|Any CPU
		{A4CE4D6E-62F8-4CF4-A9F3-1BF33AE53942}.Release|Any CPU.ActiveCfg = Release|Any CPU
		{A4CE4D6E-62F8-4CF4-A9F3-1BF33AE53942}.Release|Any CPU.Build.0 = Release|Any CPU
		{4A13A906-9788-4E4F-A406-5EEF56BCC038}.Debug|Any CPU.ActiveCfg = Debug|Any CPU
		{4A13A906-9788-4E4F-A406-5EEF56BCC038}.Debug|Any CPU.Build.0 = Debug|Any CPU
		{4A13A906-9788-4E4F-A406-5EEF56BCC038}.Release|Any CPU.ActiveCfg = Release|Any CPU
		{4A13A906-9788-4E4F-A406-5EEF56BCC038}.Release|Any CPU.Build.0 = Release|Any CPU
		{6FAD1ED7-5A86-4281-846F-EAB53C5058F5}.Debug|Any CPU.ActiveCfg = Debug|Any CPU
		{6FAD1ED7-5A86-4281-846F-EAB53C5058F5}.Debug|Any CPU.Build.0 = Debug|Any CPU
		{6FAD1ED7-5A86-4281-846F-EAB53C5058F5}.Release|Any CPU.ActiveCfg = Release|Any CPU
		{6FAD1ED7-5A86-4281-846F-EAB53C5058F5}.Release|Any CPU.Build.0 = Release|Any CPU
		{18A1A0A2-48EB-44F7-BA94-8331CC75BED8}.Debug|Any CPU.ActiveCfg = Debug|Any CPU
		{18A1A0A2-48EB-44F7-BA94-8331CC75BED8}.Debug|Any CPU.Build.0 = Debug|Any CPU
		{18A1A0A2-48EB-44F7-BA94-8331CC75BED8}.Release|Any CPU.ActiveCfg = Release|Any CPU
		{18A1A0A2-48EB-44F7-BA94-8331CC75BED8}.Release|Any CPU.Build.0 = Release|Any CPU
		{AB05D19E-707E-4A89-8042-01CA2967C67D}.Debug|Any CPU.ActiveCfg = Debug|Any CPU
		{AB05D19E-707E-4A89-8042-01CA2967C67D}.Debug|Any CPU.Build.0 = Debug|Any CPU
		{AB05D19E-707E-4A89-8042-01CA2967C67D}.Release|Any CPU.ActiveCfg = Release|Any CPU
		{AB05D19E-707E-4A89-8042-01CA2967C67D}.Release|Any CPU.Build.0 = Release|Any CPU
		{5F548DF6-5866-40FF-8276-65C8D09CF1C7}.Debug|Any CPU.ActiveCfg = Debug|Any CPU
		{5F548DF6-5866-40FF-8276-65C8D09CF1C7}.Debug|Any CPU.Build.0 = Debug|Any CPU
		{5F548DF6-5866-40FF-8276-65C8D09CF1C7}.Release|Any CPU.ActiveCfg = Release|Any CPU
		{5F548DF6-5866-40FF-8276-65C8D09CF1C7}.Release|Any CPU.Build.0 = Release|Any CPU
		{155F94D2-FF09-4FC6-A737-03161EE5D8CA}.Debug|Any CPU.ActiveCfg = Debug|Any CPU
		{155F94D2-FF09-4FC6-A737-03161EE5D8CA}.Debug|Any CPU.Build.0 = Debug|Any CPU
		{155F94D2-FF09-4FC6-A737-03161EE5D8CA}.Release|Any CPU.ActiveCfg = Release|Any CPU
		{155F94D2-FF09-4FC6-A737-03161EE5D8CA}.Release|Any CPU.Build.0 = Release|Any CPU
		{7DE057B7-888C-478F-A6BA-2587614BE468}.Debug|Any CPU.ActiveCfg = Debug|Any CPU
		{7DE057B7-888C-478F-A6BA-2587614BE468}.Debug|Any CPU.Build.0 = Debug|Any CPU
		{7DE057B7-888C-478F-A6BA-2587614BE468}.Release|Any CPU.ActiveCfg = Release|Any CPU
		{7DE057B7-888C-478F-A6BA-2587614BE468}.Release|Any CPU.Build.0 = Release|Any CPU
		{5AF240D7-AA43-445E-AF99-A7C7BD53F373}.Debug|Any CPU.ActiveCfg = Debug|Any CPU
		{5AF240D7-AA43-445E-AF99-A7C7BD53F373}.Debug|Any CPU.Build.0 = Debug|Any CPU
		{5AF240D7-AA43-445E-AF99-A7C7BD53F373}.Release|Any CPU.ActiveCfg = Release|Any CPU
		{5AF240D7-AA43-445E-AF99-A7C7BD53F373}.Release|Any CPU.Build.0 = Release|Any CPU
		{E3967A3C-003E-406D-9E66-ADB7B8CC5ED3}.Debug|Any CPU.ActiveCfg = Debug|Any CPU
		{E3967A3C-003E-406D-9E66-ADB7B8CC5ED3}.Debug|Any CPU.Build.0 = Debug|Any CPU
		{E3967A3C-003E-406D-9E66-ADB7B8CC5ED3}.Release|Any CPU.ActiveCfg = Release|Any CPU
		{E3967A3C-003E-406D-9E66-ADB7B8CC5ED3}.Release|Any CPU.Build.0 = Release|Any CPU
		{F6263106-801E-4F0F-9148-31F71DD18393}.Debug|Any CPU.ActiveCfg = Debug|Any CPU
		{F6263106-801E-4F0F-9148-31F71DD18393}.Debug|Any CPU.Build.0 = Debug|Any CPU
		{F6263106-801E-4F0F-9148-31F71DD18393}.Release|Any CPU.ActiveCfg = Release|Any CPU
		{F6263106-801E-4F0F-9148-31F71DD18393}.Release|Any CPU.Build.0 = Release|Any CPU
		{012E8037-0A22-49DB-B469-BB2A357A9D6A}.Debug|Any CPU.ActiveCfg = Debug|Any CPU
		{012E8037-0A22-49DB-B469-BB2A357A9D6A}.Debug|Any CPU.Build.0 = Debug|Any CPU
		{012E8037-0A22-49DB-B469-BB2A357A9D6A}.Release|Any CPU.ActiveCfg = Release|Any CPU
		{012E8037-0A22-49DB-B469-BB2A357A9D6A}.Release|Any CPU.Build.0 = Release|Any CPU
		{C3FECC14-6D75-461B-8821-23F9F94F0FD5}.Debug|Any CPU.ActiveCfg = Debug|Any CPU
		{C3FECC14-6D75-461B-8821-23F9F94F0FD5}.Debug|Any CPU.Build.0 = Debug|Any CPU
		{C3FECC14-6D75-461B-8821-23F9F94F0FD5}.Release|Any CPU.ActiveCfg = Release|Any CPU
		{C3FECC14-6D75-461B-8821-23F9F94F0FD5}.Release|Any CPU.Build.0 = Release|Any CPU
		{932ADBB3-C44E-43CC-B930-1CA624127F4D}.Debug|Any CPU.ActiveCfg = Debug|Any CPU
		{932ADBB3-C44E-43CC-B930-1CA624127F4D}.Debug|Any CPU.Build.0 = Debug|Any CPU
		{932ADBB3-C44E-43CC-B930-1CA624127F4D}.Release|Any CPU.ActiveCfg = Release|Any CPU
		{932ADBB3-C44E-43CC-B930-1CA624127F4D}.Release|Any CPU.Build.0 = Release|Any CPU
		{165BD8EA-3CFA-46BC-A3F1-0A95EEF4BD88}.Debug|Any CPU.ActiveCfg = Debug|Any CPU
		{165BD8EA-3CFA-46BC-A3F1-0A95EEF4BD88}.Debug|Any CPU.Build.0 = Debug|Any CPU
		{165BD8EA-3CFA-46BC-A3F1-0A95EEF4BD88}.Release|Any CPU.ActiveCfg = Release|Any CPU
		{165BD8EA-3CFA-46BC-A3F1-0A95EEF4BD88}.Release|Any CPU.Build.0 = Release|Any CPU
		{AC2E0AA2-F130-4E95-80E7-81EBB94CDCF5}.Debug|Any CPU.ActiveCfg = Debug|Any CPU
		{AC2E0AA2-F130-4E95-80E7-81EBB94CDCF5}.Debug|Any CPU.Build.0 = Debug|Any CPU
		{AC2E0AA2-F130-4E95-80E7-81EBB94CDCF5}.Release|Any CPU.ActiveCfg = Release|Any CPU
		{AC2E0AA2-F130-4E95-80E7-81EBB94CDCF5}.Release|Any CPU.Build.0 = Release|Any CPU
		{86292C2D-603A-42E1-9C73-7058ECDAD5DF}.Debug|Any CPU.ActiveCfg = Debug|Any CPU
		{86292C2D-603A-42E1-9C73-7058ECDAD5DF}.Debug|Any CPU.Build.0 = Debug|Any CPU
		{86292C2D-603A-42E1-9C73-7058ECDAD5DF}.Release|Any CPU.ActiveCfg = Release|Any CPU
		{86292C2D-603A-42E1-9C73-7058ECDAD5DF}.Release|Any CPU.Build.0 = Release|Any CPU
		{116D4862-D127-41AF-997D-76C0541E17C1}.Debug|Any CPU.ActiveCfg = Debug|Any CPU
		{116D4862-D127-41AF-997D-76C0541E17C1}.Debug|Any CPU.Build.0 = Debug|Any CPU
		{116D4862-D127-41AF-997D-76C0541E17C1}.Release|Any CPU.ActiveCfg = Release|Any CPU
		{116D4862-D127-41AF-997D-76C0541E17C1}.Release|Any CPU.Build.0 = Release|Any CPU
		{DEE9AF56-CBEC-4501-8583-B871D4B3C7D0}.Debug|Any CPU.ActiveCfg = Debug|Any CPU
		{DEE9AF56-CBEC-4501-8583-B871D4B3C7D0}.Debug|Any CPU.Build.0 = Debug|Any CPU
		{DEE9AF56-CBEC-4501-8583-B871D4B3C7D0}.Release|Any CPU.ActiveCfg = Release|Any CPU
		{DEE9AF56-CBEC-4501-8583-B871D4B3C7D0}.Release|Any CPU.Build.0 = Release|Any CPU
		{0368A007-58C4-4C52-9932-C7A955B3FA05}.Debug|Any CPU.ActiveCfg = Debug|Any CPU
		{0368A007-58C4-4C52-9932-C7A955B3FA05}.Debug|Any CPU.Build.0 = Debug|Any CPU
		{0368A007-58C4-4C52-9932-C7A955B3FA05}.Release|Any CPU.ActiveCfg = Release|Any CPU
		{0368A007-58C4-4C52-9932-C7A955B3FA05}.Release|Any CPU.Build.0 = Release|Any CPU
		{A15FFB2C-5E61-4AD3-8C9E-4217F8B6843D}.Debug|Any CPU.ActiveCfg = Debug|Any CPU
		{A15FFB2C-5E61-4AD3-8C9E-4217F8B6843D}.Debug|Any CPU.Build.0 = Debug|Any CPU
		{A15FFB2C-5E61-4AD3-8C9E-4217F8B6843D}.Release|Any CPU.ActiveCfg = Release|Any CPU
		{A15FFB2C-5E61-4AD3-8C9E-4217F8B6843D}.Release|Any CPU.Build.0 = Release|Any CPU
		{0D1C512E-F499-4D97-901F-5941C70AE0AA}.Debug|Any CPU.ActiveCfg = Debug|Any CPU
		{0D1C512E-F499-4D97-901F-5941C70AE0AA}.Debug|Any CPU.Build.0 = Debug|Any CPU
		{0D1C512E-F499-4D97-901F-5941C70AE0AA}.Release|Any CPU.ActiveCfg = Release|Any CPU
		{0D1C512E-F499-4D97-901F-5941C70AE0AA}.Release|Any CPU.Build.0 = Release|Any CPU
		{571015B3-80C6-4C94-A174-93EE574073B4}.Debug|Any CPU.ActiveCfg = Debug|Any CPU
		{571015B3-80C6-4C94-A174-93EE574073B4}.Debug|Any CPU.Build.0 = Debug|Any CPU
		{571015B3-80C6-4C94-A174-93EE574073B4}.Release|Any CPU.ActiveCfg = Release|Any CPU
		{571015B3-80C6-4C94-A174-93EE574073B4}.Release|Any CPU.Build.0 = Release|Any CPU
		{ECDA1998-38A4-4A76-A136-9A46726DC9B8}.Debug|Any CPU.ActiveCfg = Debug|Any CPU
		{ECDA1998-38A4-4A76-A136-9A46726DC9B8}.Debug|Any CPU.Build.0 = Debug|Any CPU
		{ECDA1998-38A4-4A76-A136-9A46726DC9B8}.Release|Any CPU.ActiveCfg = Release|Any CPU
		{ECDA1998-38A4-4A76-A136-9A46726DC9B8}.Release|Any CPU.Build.0 = Release|Any CPU
		{DC8BA4B2-5264-482E-B4B4-5719689B43E7}.Debug|Any CPU.ActiveCfg = Debug|Any CPU
		{DC8BA4B2-5264-482E-B4B4-5719689B43E7}.Debug|Any CPU.Build.0 = Debug|Any CPU
		{DC8BA4B2-5264-482E-B4B4-5719689B43E7}.Release|Any CPU.ActiveCfg = Release|Any CPU
		{DC8BA4B2-5264-482E-B4B4-5719689B43E7}.Release|Any CPU.Build.0 = Release|Any CPU
		{EFF876DF-DE66-48D2-91EC-5F22D6FA5C62}.Debug|Any CPU.ActiveCfg = Debug|Any CPU
		{EFF876DF-DE66-48D2-91EC-5F22D6FA5C62}.Debug|Any CPU.Build.0 = Debug|Any CPU
		{EFF876DF-DE66-48D2-91EC-5F22D6FA5C62}.Release|Any CPU.ActiveCfg = Release|Any CPU
		{EFF876DF-DE66-48D2-91EC-5F22D6FA5C62}.Release|Any CPU.Build.0 = Release|Any CPU
		{6BAA8D4F-E76C-46CA-BE91-DC267F3B7102}.Debug|Any CPU.ActiveCfg = Debug|Any CPU
		{6BAA8D4F-E76C-46CA-BE91-DC267F3B7102}.Debug|Any CPU.Build.0 = Debug|Any CPU
		{6BAA8D4F-E76C-46CA-BE91-DC267F3B7102}.Release|Any CPU.ActiveCfg = Release|Any CPU
		{6BAA8D4F-E76C-46CA-BE91-DC267F3B7102}.Release|Any CPU.Build.0 = Release|Any CPU
		{451C098E-1457-45A2-8A1E-8C56C450BF9F}.Debug|Any CPU.ActiveCfg = Debug|Any CPU
		{451C098E-1457-45A2-8A1E-8C56C450BF9F}.Debug|Any CPU.Build.0 = Debug|Any CPU
		{451C098E-1457-45A2-8A1E-8C56C450BF9F}.Release|Any CPU.ActiveCfg = Release|Any CPU
		{451C098E-1457-45A2-8A1E-8C56C450BF9F}.Release|Any CPU.Build.0 = Release|Any CPU
		{D4B46F0B-D02C-45F8-B47B-260FA41C2AF5}.Debug|Any CPU.ActiveCfg = Debug|Any CPU
		{D4B46F0B-D02C-45F8-B47B-260FA41C2AF5}.Debug|Any CPU.Build.0 = Debug|Any CPU
		{D4B46F0B-D02C-45F8-B47B-260FA41C2AF5}.Release|Any CPU.ActiveCfg = Release|Any CPU
		{D4B46F0B-D02C-45F8-B47B-260FA41C2AF5}.Release|Any CPU.Build.0 = Release|Any CPU
		{29B40A20-CBAF-47F3-915C-69BDB1A5ED85}.Debug|Any CPU.ActiveCfg = Debug|Any CPU
		{29B40A20-CBAF-47F3-915C-69BDB1A5ED85}.Debug|Any CPU.Build.0 = Debug|Any CPU
		{29B40A20-CBAF-47F3-915C-69BDB1A5ED85}.Release|Any CPU.ActiveCfg = Release|Any CPU
		{29B40A20-CBAF-47F3-915C-69BDB1A5ED85}.Release|Any CPU.Build.0 = Release|Any CPU
		{834991D3-47BD-40D4-A40C-74F5F671E1F1}.Debug|Any CPU.ActiveCfg = Debug|Any CPU
		{834991D3-47BD-40D4-A40C-74F5F671E1F1}.Debug|Any CPU.Build.0 = Debug|Any CPU
		{834991D3-47BD-40D4-A40C-74F5F671E1F1}.Release|Any CPU.ActiveCfg = Release|Any CPU
		{834991D3-47BD-40D4-A40C-74F5F671E1F1}.Release|Any CPU.Build.0 = Release|Any CPU
		{5521F0C8-CDBC-443D-ACEC-BACC36AAECAB}.Debug|Any CPU.ActiveCfg = Debug|Any CPU
		{5521F0C8-CDBC-443D-ACEC-BACC36AAECAB}.Debug|Any CPU.Build.0 = Debug|Any CPU
		{5521F0C8-CDBC-443D-ACEC-BACC36AAECAB}.Release|Any CPU.ActiveCfg = Release|Any CPU
		{5521F0C8-CDBC-443D-ACEC-BACC36AAECAB}.Release|Any CPU.Build.0 = Release|Any CPU
		{CB61C3C6-CD74-46AF-9AC5-4B9E73ED9E04}.Debug|Any CPU.ActiveCfg = Debug|Any CPU
		{CB61C3C6-CD74-46AF-9AC5-4B9E73ED9E04}.Debug|Any CPU.Build.0 = Debug|Any CPU
		{CB61C3C6-CD74-46AF-9AC5-4B9E73ED9E04}.Release|Any CPU.ActiveCfg = Release|Any CPU
		{CB61C3C6-CD74-46AF-9AC5-4B9E73ED9E04}.Release|Any CPU.Build.0 = Release|Any CPU
		{E474D778-AF5E-4B6B-981B-717283740FB0}.Debug|Any CPU.ActiveCfg = Debug|Any CPU
		{E474D778-AF5E-4B6B-981B-717283740FB0}.Debug|Any CPU.Build.0 = Debug|Any CPU
		{E474D778-AF5E-4B6B-981B-717283740FB0}.Release|Any CPU.ActiveCfg = Release|Any CPU
		{E474D778-AF5E-4B6B-981B-717283740FB0}.Release|Any CPU.Build.0 = Release|Any CPU
		{DE1D096D-2077-41F3-9811-066686CF81DD}.Debug|Any CPU.ActiveCfg = Debug|Any CPU
		{DE1D096D-2077-41F3-9811-066686CF81DD}.Debug|Any CPU.Build.0 = Debug|Any CPU
		{DE1D096D-2077-41F3-9811-066686CF81DD}.Release|Any CPU.ActiveCfg = Release|Any CPU
		{DE1D096D-2077-41F3-9811-066686CF81DD}.Release|Any CPU.Build.0 = Release|Any CPU
		{433BDD0B-7093-45A0-A790-D00AB137DF30}.Debug|Any CPU.ActiveCfg = Debug|Any CPU
		{433BDD0B-7093-45A0-A790-D00AB137DF30}.Debug|Any CPU.Build.0 = Debug|Any CPU
		{433BDD0B-7093-45A0-A790-D00AB137DF30}.Release|Any CPU.ActiveCfg = Release|Any CPU
		{433BDD0B-7093-45A0-A790-D00AB137DF30}.Release|Any CPU.Build.0 = Release|Any CPU
		{073DBE8D-9159-41F8-9820-BB86CB1A9BCE}.Debug|Any CPU.ActiveCfg = Debug|Any CPU
		{073DBE8D-9159-41F8-9820-BB86CB1A9BCE}.Debug|Any CPU.Build.0 = Debug|Any CPU
		{073DBE8D-9159-41F8-9820-BB86CB1A9BCE}.Release|Any CPU.ActiveCfg = Release|Any CPU
		{073DBE8D-9159-41F8-9820-BB86CB1A9BCE}.Release|Any CPU.Build.0 = Release|Any CPU
		{CAA5E9BF-E329-4E8B-ADE4-94A8842024C3}.Debug|Any CPU.ActiveCfg = Debug|Any CPU
		{CAA5E9BF-E329-4E8B-ADE4-94A8842024C3}.Debug|Any CPU.Build.0 = Debug|Any CPU
		{CAA5E9BF-E329-4E8B-ADE4-94A8842024C3}.Release|Any CPU.ActiveCfg = Release|Any CPU
		{CAA5E9BF-E329-4E8B-ADE4-94A8842024C3}.Release|Any CPU.Build.0 = Release|Any CPU
		{99BF93EB-2ADC-49C1-AC3C-A52EC43C6B32}.Debug|Any CPU.ActiveCfg = Debug|Any CPU
		{99BF93EB-2ADC-49C1-AC3C-A52EC43C6B32}.Debug|Any CPU.Build.0 = Debug|Any CPU
		{99BF93EB-2ADC-49C1-AC3C-A52EC43C6B32}.Release|Any CPU.ActiveCfg = Release|Any CPU
		{99BF93EB-2ADC-49C1-AC3C-A52EC43C6B32}.Release|Any CPU.Build.0 = Release|Any CPU
	EndGlobalSection
	GlobalSection(SolutionProperties) = preSolution
		HideSolutionNode = FALSE
	EndGlobalSection
	GlobalSection(ExtensibilityGlobals) = postSolution
		SolutionGuid = {5CE61CE8-6DC8-47A4-9F77-68047DCAFAE0}
	EndGlobalSection
EndGlobal
